// !$*UTF8*$!
{
	archiveVersion = 1;
	classes = {
	};
	objectVersion = 56;
	objects = {

/* Begin PBXBuildFile section */
		E715834E2C0FA25B00EADFF7 /* WBMessengerApp.swift in Sources */ = {isa = PBXBuildFile; fileRef = E715834D2C0FA25B00EADFF7 /* WBMessengerApp.swift */; };
		E71583502C0FA25B00EADFF7 /* ContentView.swift in Sources */ = {isa = PBXBuildFile; fileRef = E715834F2C0FA25B00EADFF7 /* ContentView.swift */; };
		E71583522C0FA25C00EADFF7 /* Assets.xcassets in Resources */ = {isa = PBXBuildFile; fileRef = E71583512C0FA25C00EADFF7 /* Assets.xcassets */; };
		E71583552C0FA25C00EADFF7 /* Preview Assets.xcassets in Resources */ = {isa = PBXBuildFile; fileRef = E71583542C0FA25C00EADFF7 /* Preview Assets.xcassets */; };
		E715835C2C0FA47700EADFF7 /* WalkthroughView.swift in Sources */ = {isa = PBXBuildFile; fileRef = E715835B2C0FA47700EADFF7 /* WalkthroughView.swift */; };
		E715835E2C0FA4AF00EADFF7 /* LightOrDarkImage.swift in Sources */ = {isa = PBXBuildFile; fileRef = E715835D2C0FA4AF00EADFF7 /* LightOrDarkImage.swift */; };
		E71583612C0FA75E00EADFF7 /* UserAgreementAndButtonView.swift in Sources */ = {isa = PBXBuildFile; fileRef = E71583602C0FA75E00EADFF7 /* UserAgreementAndButtonView.swift */; };
		E71583642C0FA81E00EADFF7 /* VerificationView.swift in Sources */ = {isa = PBXBuildFile; fileRef = E71583632C0FA81E00EADFF7 /* VerificationView.swift */; };
		E718404C2C19CB53005246C8 /* DetailsScreen.swift in Sources */ = {isa = PBXBuildFile; fileRef = E718404B2C19CB53005246C8 /* DetailsScreen.swift */; };
		E718404E2C19CB61005246C8 /* DetailsView.swift in Sources */ = {isa = PBXBuildFile; fileRef = E718404D2C19CB61005246C8 /* DetailsView.swift */; };
		E71840502C19E90F005246C8 /* DetailsAvatarView.swift in Sources */ = {isa = PBXBuildFile; fileRef = E718404F2C19E90F005246C8 /* DetailsAvatarView.swift */; };
		E71840522C19EA80005246C8 /* SocialNetworkView.swift in Sources */ = {isa = PBXBuildFile; fileRef = E71840512C19EA80005246C8 /* SocialNetworkView.swift */; };
		E71BBCF52C17902300CA73EB /* ContactsScreen.swift in Sources */ = {isa = PBXBuildFile; fileRef = E71BBCF42C17902300CA73EB /* ContactsScreen.swift */; };
		E71BBCF72C1790B100CA73EB /* ContactsRow.swift in Sources */ = {isa = PBXBuildFile; fileRef = E71BBCF62C1790B100CA73EB /* ContactsRow.swift */; };
		E71BBCF92C17954400CA73EB /* AvatarView.swift in Sources */ = {isa = PBXBuildFile; fileRef = E71BBCF82C17954400CA73EB /* AvatarView.swift */; };
		E71BBCFB2C1796D100CA73EB /* ContactsModel.swift in Sources */ = {isa = PBXBuildFile; fileRef = E71BBCFA2C1796D100CA73EB /* ContactsModel.swift */; };
		E71F0C862C1B38AF00FAFD32 /* ContentViewHW2.swift in Sources */ = {isa = PBXBuildFile; fileRef = E71F0C852C1B38AF00FAFD32 /* ContentViewHW2.swift */; };
		E738BC3E2C21D33C00B6EC83 /* ContactsScreen.swift in Sources */ = {isa = PBXBuildFile; fileRef = E71BBCF42C17902300CA73EB /* ContactsScreen.swift */; };
		E738BC3F2C21D35800B6EC83 /* ContactsModel.swift in Sources */ = {isa = PBXBuildFile; fileRef = E71BBCFA2C1796D100CA73EB /* ContactsModel.swift */; };
		E738BC412C21D37000B6EC83 /* NewContactView.swift in Sources */ = {isa = PBXBuildFile; fileRef = E75293D52C21C6B1008A95EA /* NewContactView.swift */; };
		E738BC422C21D37600B6EC83 /* ColorView.swift in Sources */ = {isa = PBXBuildFile; fileRef = E75293972C2195F4008A95EA /* ColorView.swift */; };
		E738BC432C21D38A00B6EC83 /* DetailsScreen.swift in Sources */ = {isa = PBXBuildFile; fileRef = E718404B2C19CB53005246C8 /* DetailsScreen.swift */; };
		E738BC442C21D38C00B6EC83 /* DetailsView.swift in Sources */ = {isa = PBXBuildFile; fileRef = E718404D2C19CB61005246C8 /* DetailsView.swift */; };
		E738BC452C21D38E00B6EC83 /* DetailsAvatarView.swift in Sources */ = {isa = PBXBuildFile; fileRef = E718404F2C19E90F005246C8 /* DetailsAvatarView.swift */; };
		E738BC462C21D39000B6EC83 /* SocialNetworkView.swift in Sources */ = {isa = PBXBuildFile; fileRef = E71840512C19EA80005246C8 /* SocialNetworkView.swift */; };
		E738BC492C21D39F00B6EC83 /* CustomTabBarView.swift in Sources */ = {isa = PBXBuildFile; fileRef = E75A76232C1B8F66005C05AE /* CustomTabBarView.swift */; };
		E738BC4A2C21D3A200B6EC83 /* TabBarIcons.swift in Sources */ = {isa = PBXBuildFile; fileRef = E75A76252C1B8FE2005C05AE /* TabBarIcons.swift */; };
		E738BC4B2C21D44C00B6EC83 /* AvatarView.swift in Sources */ = {isa = PBXBuildFile; fileRef = E71BBCF82C17954400CA73EB /* AvatarView.swift */; };
		E738BC4C2C21D45000B6EC83 /* WithoutAvatarView.swift in Sources */ = {isa = PBXBuildFile; fileRef = E768E70F2C18883E002177E2 /* WithoutAvatarView.swift */; };
		E738BC4D2C21D45400B6EC83 /* ContactsRow.swift in Sources */ = {isa = PBXBuildFile; fileRef = E71BBCF62C1790B100CA73EB /* ContactsRow.swift */; };
		E738BC502C21D7D300B6EC83 /* Router.swift in Sources */ = {isa = PBXBuildFile; fileRef = E738BC4F2C21D7D300B6EC83 /* Router.swift */; };
		E738BC512C21E6F800B6EC83 /* Router.swift in Sources */ = {isa = PBXBuildFile; fileRef = E738BC4F2C21D7D300B6EC83 /* Router.swift */; };
		E75293982C2195F4008A95EA /* ColorView.swift in Sources */ = {isa = PBXBuildFile; fileRef = E75293972C2195F4008A95EA /* ColorView.swift */; };
		E75293BF2C219932008A95EA /* WidgetKit.framework in Frameworks */ = {isa = PBXBuildFile; fileRef = E75293BE2C219932008A95EA /* WidgetKit.framework */; };
		E75293C02C219932008A95EA /* SwiftUI.framework in Frameworks */ = {isa = PBXBuildFile; fileRef = E752937E2C21949B008A95EA /* SwiftUI.framework */; };
		E75293C32C219932008A95EA /* ColorWidgetBundle.swift in Sources */ = {isa = PBXBuildFile; fileRef = E75293C22C219932008A95EA /* ColorWidgetBundle.swift */; };
		E75293C52C219932008A95EA /* ColorWidgetLiveActivity.swift in Sources */ = {isa = PBXBuildFile; fileRef = E75293C42C219932008A95EA /* ColorWidgetLiveActivity.swift */; };
		E75293C72C219932008A95EA /* ColorWidget.swift in Sources */ = {isa = PBXBuildFile; fileRef = E75293C62C219932008A95EA /* ColorWidget.swift */; };
		E75293CA2C219933008A95EA /* Assets.xcassets in Resources */ = {isa = PBXBuildFile; fileRef = E75293C92C219933008A95EA /* Assets.xcassets */; };
		E75293CC2C219933008A95EA /* ColorWidget.intentdefinition in Sources */ = {isa = PBXBuildFile; fileRef = E75293C82C219932008A95EA /* ColorWidget.intentdefinition */; };
		E75293CD2C219933008A95EA /* ColorWidget.intentdefinition in Sources */ = {isa = PBXBuildFile; fileRef = E75293C82C219932008A95EA /* ColorWidget.intentdefinition */; };
		E75293D02C219933008A95EA /* ColorWidgetExtension.appex in Embed Foundation Extensions */ = {isa = PBXBuildFile; fileRef = E75293BD2C219932008A95EA /* ColorWidgetExtension.appex */; settings = {ATTRIBUTES = (RemoveHeadersOnCopy, ); }; };
		E75293D62C21C6B1008A95EA /* NewContactView.swift in Sources */ = {isa = PBXBuildFile; fileRef = E75293D52C21C6B1008A95EA /* NewContactView.swift */; };
		E75A76242C1B8F66005C05AE /* CustomTabBarView.swift in Sources */ = {isa = PBXBuildFile; fileRef = E75A76232C1B8F66005C05AE /* CustomTabBarView.swift */; };
		E75A76262C1B8FE2005C05AE /* TabBarIcons.swift in Sources */ = {isa = PBXBuildFile; fileRef = E75A76252C1B8FE2005C05AE /* TabBarIcons.swift */; };
		E768E7102C18883E002177E2 /* WithoutAvatarView.swift in Sources */ = {isa = PBXBuildFile; fileRef = E768E70F2C18883E002177E2 /* WithoutAvatarView.swift */; };
/* End PBXBuildFile section */

/* Begin PBXContainerItemProxy section */
		E75293CE2C219933008A95EA /* PBXContainerItemProxy */ = {
			isa = PBXContainerItemProxy;
			containerPortal = E71583422C0FA25B00EADFF7 /* Project object */;
			proxyType = 1;
			remoteGlobalIDString = E75293BC2C219932008A95EA;
			remoteInfo = ColorWidgetExtension;
		};
/* End PBXContainerItemProxy section */

/* Begin PBXCopyFilesBuildPhase section */
		E75293902C21949D008A95EA /* Embed Foundation Extensions */ = {
			isa = PBXCopyFilesBuildPhase;
			buildActionMask = 2147483647;
			dstPath = "";
			dstSubfolderSpec = 13;
			files = (
				E75293D02C219933008A95EA /* ColorWidgetExtension.appex in Embed Foundation Extensions */,
			);
			name = "Embed Foundation Extensions";
			runOnlyForDeploymentPostprocessing = 0;
		};
/* End PBXCopyFilesBuildPhase section */

/* Begin PBXFileReference section */
		E715834A2C0FA25B00EADFF7 /* WBMessenger.app */ = {isa = PBXFileReference; explicitFileType = wrapper.application; includeInIndex = 0; path = WBMessenger.app; sourceTree = BUILT_PRODUCTS_DIR; };
		E715834D2C0FA25B00EADFF7 /* WBMessengerApp.swift */ = {isa = PBXFileReference; lastKnownFileType = sourcecode.swift; path = WBMessengerApp.swift; sourceTree = "<group>"; };
		E715834F2C0FA25B00EADFF7 /* ContentView.swift */ = {isa = PBXFileReference; lastKnownFileType = sourcecode.swift; path = ContentView.swift; sourceTree = "<group>"; };
		E71583512C0FA25C00EADFF7 /* Assets.xcassets */ = {isa = PBXFileReference; lastKnownFileType = folder.assetcatalog; path = Assets.xcassets; sourceTree = "<group>"; };
		E71583542C0FA25C00EADFF7 /* Preview Assets.xcassets */ = {isa = PBXFileReference; lastKnownFileType = folder.assetcatalog; path = "Preview Assets.xcassets"; sourceTree = "<group>"; };
		E715835B2C0FA47700EADFF7 /* WalkthroughView.swift */ = {isa = PBXFileReference; lastKnownFileType = sourcecode.swift; path = WalkthroughView.swift; sourceTree = "<group>"; };
		E715835D2C0FA4AF00EADFF7 /* LightOrDarkImage.swift */ = {isa = PBXFileReference; lastKnownFileType = sourcecode.swift; path = LightOrDarkImage.swift; sourceTree = "<group>"; };
		E71583602C0FA75E00EADFF7 /* UserAgreementAndButtonView.swift */ = {isa = PBXFileReference; lastKnownFileType = sourcecode.swift; path = UserAgreementAndButtonView.swift; sourceTree = "<group>"; };
		E71583632C0FA81E00EADFF7 /* VerificationView.swift */ = {isa = PBXFileReference; lastKnownFileType = sourcecode.swift; path = VerificationView.swift; sourceTree = "<group>"; };
		E718404B2C19CB53005246C8 /* DetailsScreen.swift */ = {isa = PBXFileReference; lastKnownFileType = sourcecode.swift; path = DetailsScreen.swift; sourceTree = "<group>"; };
		E718404D2C19CB61005246C8 /* DetailsView.swift */ = {isa = PBXFileReference; lastKnownFileType = sourcecode.swift; path = DetailsView.swift; sourceTree = "<group>"; };
		E718404F2C19E90F005246C8 /* DetailsAvatarView.swift */ = {isa = PBXFileReference; lastKnownFileType = sourcecode.swift; path = DetailsAvatarView.swift; sourceTree = "<group>"; };
		E71840512C19EA80005246C8 /* SocialNetworkView.swift */ = {isa = PBXFileReference; lastKnownFileType = sourcecode.swift; path = SocialNetworkView.swift; sourceTree = "<group>"; };
		E71BBCF42C17902300CA73EB /* ContactsScreen.swift */ = {isa = PBXFileReference; lastKnownFileType = sourcecode.swift; path = ContactsScreen.swift; sourceTree = "<group>"; };
		E71BBCF62C1790B100CA73EB /* ContactsRow.swift */ = {isa = PBXFileReference; lastKnownFileType = sourcecode.swift; path = ContactsRow.swift; sourceTree = "<group>"; };
		E71BBCF82C17954400CA73EB /* AvatarView.swift */ = {isa = PBXFileReference; lastKnownFileType = sourcecode.swift; path = AvatarView.swift; sourceTree = "<group>"; };
		E71BBCFA2C1796D100CA73EB /* ContactsModel.swift */ = {isa = PBXFileReference; lastKnownFileType = sourcecode.swift; path = ContactsModel.swift; sourceTree = "<group>"; };
		E71F0C852C1B38AF00FAFD32 /* ContentViewHW2.swift */ = {isa = PBXFileReference; lastKnownFileType = sourcecode.swift; path = ContentViewHW2.swift; sourceTree = "<group>"; };
		E738BC4F2C21D7D300B6EC83 /* Router.swift */ = {isa = PBXFileReference; lastKnownFileType = sourcecode.swift; path = Router.swift; sourceTree = "<group>"; };
		E752937E2C21949B008A95EA /* SwiftUI.framework */ = {isa = PBXFileReference; lastKnownFileType = wrapper.framework; name = SwiftUI.framework; path = System/Library/Frameworks/SwiftUI.framework; sourceTree = SDKROOT; };
		E75293972C2195F4008A95EA /* ColorView.swift */ = {isa = PBXFileReference; lastKnownFileType = sourcecode.swift; path = ColorView.swift; sourceTree = "<group>"; };
		E75293BD2C219932008A95EA /* ColorWidgetExtension.appex */ = {isa = PBXFileReference; explicitFileType = "wrapper.app-extension"; includeInIndex = 0; path = ColorWidgetExtension.appex; sourceTree = BUILT_PRODUCTS_DIR; };
		E75293BE2C219932008A95EA /* WidgetKit.framework */ = {isa = PBXFileReference; lastKnownFileType = wrapper.framework; name = WidgetKit.framework; path = System/Library/Frameworks/WidgetKit.framework; sourceTree = SDKROOT; };
		E75293C22C219932008A95EA /* ColorWidgetBundle.swift */ = {isa = PBXFileReference; lastKnownFileType = sourcecode.swift; path = ColorWidgetBundle.swift; sourceTree = "<group>"; };
		E75293C42C219932008A95EA /* ColorWidgetLiveActivity.swift */ = {isa = PBXFileReference; lastKnownFileType = sourcecode.swift; path = ColorWidgetLiveActivity.swift; sourceTree = "<group>"; };
		E75293C62C219932008A95EA /* ColorWidget.swift */ = {isa = PBXFileReference; lastKnownFileType = sourcecode.swift; path = ColorWidget.swift; sourceTree = "<group>"; };
		E75293C82C219932008A95EA /* ColorWidget.intentdefinition */ = {isa = PBXFileReference; lastKnownFileType = file.intentdefinition; path = ColorWidget.intentdefinition; sourceTree = "<group>"; };
		E75293C92C219933008A95EA /* Assets.xcassets */ = {isa = PBXFileReference; lastKnownFileType = folder.assetcatalog; path = Assets.xcassets; sourceTree = "<group>"; };
		E75293CB2C219933008A95EA /* Info.plist */ = {isa = PBXFileReference; lastKnownFileType = text.plist.xml; path = Info.plist; sourceTree = "<group>"; };
		E75293D52C21C6B1008A95EA /* NewContactView.swift */ = {isa = PBXFileReference; lastKnownFileType = sourcecode.swift; path = NewContactView.swift; sourceTree = "<group>"; };
		E75A76232C1B8F66005C05AE /* CustomTabBarView.swift */ = {isa = PBXFileReference; lastKnownFileType = sourcecode.swift; path = CustomTabBarView.swift; sourceTree = "<group>"; };
		E75A76252C1B8FE2005C05AE /* TabBarIcons.swift */ = {isa = PBXFileReference; lastKnownFileType = sourcecode.swift; path = TabBarIcons.swift; sourceTree = "<group>"; };
		E768E70F2C18883E002177E2 /* WithoutAvatarView.swift */ = {isa = PBXFileReference; lastKnownFileType = sourcecode.swift; path = WithoutAvatarView.swift; sourceTree = "<group>"; };
/* End PBXFileReference section */

/* Begin PBXFrameworksBuildPhase section */
		E71583472C0FA25B00EADFF7 /* Frameworks */ = {
			isa = PBXFrameworksBuildPhase;
			buildActionMask = 2147483647;
			files = (
			);
			runOnlyForDeploymentPostprocessing = 0;
		};
		E75293BA2C219932008A95EA /* Frameworks */ = {
			isa = PBXFrameworksBuildPhase;
			buildActionMask = 2147483647;
			files = (
				E75293C02C219932008A95EA /* SwiftUI.framework in Frameworks */,
				E75293BF2C219932008A95EA /* WidgetKit.framework in Frameworks */,
			);
			runOnlyForDeploymentPostprocessing = 0;
		};
/* End PBXFrameworksBuildPhase section */

/* Begin PBXGroup section */
		E70E028E2C1C7AF900A1D238 /* HW3 */ = {
			isa = PBXGroup;
			children = (
				E75293972C2195F4008A95EA /* ColorView.swift */,
			);
			path = HW3;
			sourceTree = "<group>";
		};
		E71583412C0FA25B00EADFF7 = {
			isa = PBXGroup;
			children = (
				E715834C2C0FA25B00EADFF7 /* WBMessenger */,
				E75293C12C219932008A95EA /* ColorWidget */,
				E752937B2C21949B008A95EA /* Frameworks */,
				E715834B2C0FA25B00EADFF7 /* Products */,
			);
			sourceTree = "<group>";
		};
		E715834B2C0FA25B00EADFF7 /* Products */ = {
			isa = PBXGroup;
			children = (
				E715834A2C0FA25B00EADFF7 /* WBMessenger.app */,
				E75293BD2C219932008A95EA /* ColorWidgetExtension.appex */,
			);
			name = Products;
			sourceTree = "<group>";
		};
		E715834C2C0FA25B00EADFF7 /* WBMessenger */ = {
			isa = PBXGroup;
			children = (
				E715834F2C0FA25B00EADFF7 /* ContentView.swift */,
				E715834D2C0FA25B00EADFF7 /* WBMessengerApp.swift */,
				E71BBCEE2C1766D200CA73EB /* HW1 */,
				E71BBCEF2C1766FF00CA73EB /* HW2 */,
				E70E028E2C1C7AF900A1D238 /* HW3 */,
				E71583512C0FA25C00EADFF7 /* Assets.xcassets */,
				E71583532C0FA25C00EADFF7 /* Preview Content */,
			);
			path = WBMessenger;
			sourceTree = "<group>";
		};
		E71583532C0FA25C00EADFF7 /* Preview Content */ = {
			isa = PBXGroup;
			children = (
				E71583542C0FA25C00EADFF7 /* Preview Assets.xcassets */,
			);
			path = "Preview Content";
			sourceTree = "<group>";
		};
		E715835F2C0FA4BB00EADFF7 /* Walkthrough */ = {
			isa = PBXGroup;
			children = (
				E715835B2C0FA47700EADFF7 /* WalkthroughView.swift */,
				E715835D2C0FA4AF00EADFF7 /* LightOrDarkImage.swift */,
				E71583602C0FA75E00EADFF7 /* UserAgreementAndButtonView.swift */,
			);
			path = Walkthrough;
			sourceTree = "<group>";
		};
		E71583622C0FA7DA00EADFF7 /* Verification */ = {
			isa = PBXGroup;
			children = (
				E71583632C0FA81E00EADFF7 /* VerificationView.swift */,
			);
			path = Verification;
			sourceTree = "<group>";
		};
		E718404A2C19CB31005246C8 /* ContactDetails */ = {
			isa = PBXGroup;
			children = (
				E718404B2C19CB53005246C8 /* DetailsScreen.swift */,
				E718404D2C19CB61005246C8 /* DetailsView.swift */,
				E718404F2C19E90F005246C8 /* DetailsAvatarView.swift */,
				E71840512C19EA80005246C8 /* SocialNetworkView.swift */,
			);
			path = ContactDetails;
			sourceTree = "<group>";
		};
		E71BBCEE2C1766D200CA73EB /* HW1 */ = {
			isa = PBXGroup;
			children = (
				E71583622C0FA7DA00EADFF7 /* Verification */,
				E715835F2C0FA4BB00EADFF7 /* Walkthrough */,
			);
			path = HW1;
			sourceTree = "<group>";
		};
		E71BBCEF2C1766FF00CA73EB /* HW2 */ = {
			isa = PBXGroup;
			children = (
				E71F0C852C1B38AF00FAFD32 /* ContentViewHW2.swift */,
				E738BC4E2C21D7C300B6EC83 /* Router */,
				E75293D42C21C697008A95EA /* AddANewContact */,
				E718404A2C19CB31005246C8 /* ContactDetails */,
				E71BBCF32C17900500CA73EB /* Contacts */,
				E71BBCFC2C1796E400CA73EB /* Model */,
				E71BBCF02C17676B00CA73EB /* CustomTabBar */,
			);
			path = HW2;
			sourceTree = "<group>";
		};
		E71BBCF02C17676B00CA73EB /* CustomTabBar */ = {
			isa = PBXGroup;
			children = (
				E75A76232C1B8F66005C05AE /* CustomTabBarView.swift */,
				E75A76252C1B8FE2005C05AE /* TabBarIcons.swift */,
			);
			path = CustomTabBar;
			sourceTree = "<group>";
		};
		E71BBCF32C17900500CA73EB /* Contacts */ = {
			isa = PBXGroup;
			children = (
				E71BBCF42C17902300CA73EB /* ContactsScreen.swift */,
				E71BBCFD2C1796EE00CA73EB /* Views */,
			);
			path = Contacts;
			sourceTree = "<group>";
		};
		E71BBCFC2C1796E400CA73EB /* Model */ = {
			isa = PBXGroup;
			children = (
				E71BBCFA2C1796D100CA73EB /* ContactsModel.swift */,
			);
			path = Model;
			sourceTree = "<group>";
		};
		E71BBCFD2C1796EE00CA73EB /* Views */ = {
			isa = PBXGroup;
			children = (
				E71BBCF62C1790B100CA73EB /* ContactsRow.swift */,
				E71BBCF82C17954400CA73EB /* AvatarView.swift */,
				E768E70F2C18883E002177E2 /* WithoutAvatarView.swift */,
			);
			path = Views;
			sourceTree = "<group>";
		};
		E738BC4E2C21D7C300B6EC83 /* Router */ = {
			isa = PBXGroup;
			children = (
				E738BC4F2C21D7D300B6EC83 /* Router.swift */,
			);
			path = Router;
			sourceTree = "<group>";
		};
		E752937B2C21949B008A95EA /* Frameworks */ = {
			isa = PBXGroup;
			children = (
				E752937E2C21949B008A95EA /* SwiftUI.framework */,
				E75293BE2C219932008A95EA /* WidgetKit.framework */,
			);
			name = Frameworks;
			sourceTree = "<group>";
		};
		E75293C12C219932008A95EA /* ColorWidget */ = {
			isa = PBXGroup;
			children = (
				E75293C22C219932008A95EA /* ColorWidgetBundle.swift */,
				E75293C42C219932008A95EA /* ColorWidgetLiveActivity.swift */,
				E75293C62C219932008A95EA /* ColorWidget.swift */,
				E75293C82C219932008A95EA /* ColorWidget.intentdefinition */,
				E75293C92C219933008A95EA /* Assets.xcassets */,
				E75293CB2C219933008A95EA /* Info.plist */,
			);
			path = ColorWidget;
			sourceTree = "<group>";
		};
		E75293D42C21C697008A95EA /* AddANewContact */ = {
			isa = PBXGroup;
			children = (
				E75293D52C21C6B1008A95EA /* NewContactView.swift */,
			);
			path = AddANewContact;
			sourceTree = "<group>";
		};
/* End PBXGroup section */

/* Begin PBXNativeTarget section */
		E71583492C0FA25B00EADFF7 /* WBMessenger */ = {
			isa = PBXNativeTarget;
			buildConfigurationList = E71583582C0FA25C00EADFF7 /* Build configuration list for PBXNativeTarget "WBMessenger" */;
			buildPhases = (
				E71583462C0FA25B00EADFF7 /* Sources */,
				E71583472C0FA25B00EADFF7 /* Frameworks */,
				E71583482C0FA25B00EADFF7 /* Resources */,
				E75293902C21949D008A95EA /* Embed Foundation Extensions */,
			);
			buildRules = (
			);
			dependencies = (
				E75293CF2C219933008A95EA /* PBXTargetDependency */,
			);
			name = WBMessenger;
			productName = WBMessenger;
			productReference = E715834A2C0FA25B00EADFF7 /* WBMessenger.app */;
			productType = "com.apple.product-type.application";
		};
		E75293BC2C219932008A95EA /* ColorWidgetExtension */ = {
			isa = PBXNativeTarget;
			buildConfigurationList = E75293D12C219934008A95EA /* Build configuration list for PBXNativeTarget "ColorWidgetExtension" */;
			buildPhases = (
				E75293B92C219932008A95EA /* Sources */,
				E75293BA2C219932008A95EA /* Frameworks */,
				E75293BB2C219932008A95EA /* Resources */,
			);
			buildRules = (
			);
			dependencies = (
			);
			name = ColorWidgetExtension;
			productName = ColorWidgetExtension;
			productReference = E75293BD2C219932008A95EA /* ColorWidgetExtension.appex */;
			productType = "com.apple.product-type.app-extension";
		};
/* End PBXNativeTarget section */

/* Begin PBXProject section */
		E71583422C0FA25B00EADFF7 /* Project object */ = {
			isa = PBXProject;
			attributes = {
				BuildIndependentTargetsInParallel = 1;
				LastSwiftUpdateCheck = 1420;
				LastUpgradeCheck = 1420;
				TargetAttributes = {
					E71583492C0FA25B00EADFF7 = {
						CreatedOnToolsVersion = 14.2;
					};
					E75293BC2C219932008A95EA = {
						CreatedOnToolsVersion = 14.2;
					};
				};
			};
			buildConfigurationList = E71583452C0FA25B00EADFF7 /* Build configuration list for PBXProject "WBMessenger" */;
			compatibilityVersion = "Xcode 14.0";
			developmentRegion = en;
			hasScannedForEncodings = 0;
			knownRegions = (
				en,
				Base,
			);
			mainGroup = E71583412C0FA25B00EADFF7;
			productRefGroup = E715834B2C0FA25B00EADFF7 /* Products */;
			projectDirPath = "";
			projectRoot = "";
			targets = (
				E71583492C0FA25B00EADFF7 /* WBMessenger */,
				E75293BC2C219932008A95EA /* ColorWidgetExtension */,
			);
		};
/* End PBXProject section */

/* Begin PBXResourcesBuildPhase section */
		E71583482C0FA25B00EADFF7 /* Resources */ = {
			isa = PBXResourcesBuildPhase;
			buildActionMask = 2147483647;
			files = (
				E71583552C0FA25C00EADFF7 /* Preview Assets.xcassets in Resources */,
				E71583522C0FA25C00EADFF7 /* Assets.xcassets in Resources */,
			);
			runOnlyForDeploymentPostprocessing = 0;
		};
		E75293BB2C219932008A95EA /* Resources */ = {
			isa = PBXResourcesBuildPhase;
			buildActionMask = 2147483647;
			files = (
				E75293CA2C219933008A95EA /* Assets.xcassets in Resources */,
			);
			runOnlyForDeploymentPostprocessing = 0;
		};
/* End PBXResourcesBuildPhase section */

/* Begin PBXSourcesBuildPhase section */
		E71583462C0FA25B00EADFF7 /* Sources */ = {
			isa = PBXSourcesBuildPhase;
			buildActionMask = 2147483647;
			files = (
				E738BC502C21D7D300B6EC83 /* Router.swift in Sources */,
				E71840502C19E90F005246C8 /* DetailsAvatarView.swift in Sources */,
				E71BBCF72C1790B100CA73EB /* ContactsRow.swift in Sources */,
				E71840522C19EA80005246C8 /* SocialNetworkView.swift in Sources */,
				E718404E2C19CB61005246C8 /* DetailsView.swift in Sources */,
				E768E7102C18883E002177E2 /* WithoutAvatarView.swift in Sources */,
				E71583502C0FA25B00EADFF7 /* ContentView.swift in Sources */,
				E71583612C0FA75E00EADFF7 /* UserAgreementAndButtonView.swift in Sources */,
				E718404C2C19CB53005246C8 /* DetailsScreen.swift in Sources */,
				E75A76242C1B8F66005C05AE /* CustomTabBarView.swift in Sources */,
				E715834E2C0FA25B00EADFF7 /* WBMessengerApp.swift in Sources */,
				E71583642C0FA81E00EADFF7 /* VerificationView.swift in Sources */,
				E75A76262C1B8FE2005C05AE /* TabBarIcons.swift in Sources */,
				E715835C2C0FA47700EADFF7 /* WalkthroughView.swift in Sources */,
				E715835E2C0FA4AF00EADFF7 /* LightOrDarkImage.swift in Sources */,
				E71BBCF52C17902300CA73EB /* ContactsScreen.swift in Sources */,
				E71BBCF92C17954400CA73EB /* AvatarView.swift in Sources */,
				E75293CD2C219933008A95EA /* ColorWidget.intentdefinition in Sources */,
				E75293D62C21C6B1008A95EA /* NewContactView.swift in Sources */,
				E71BBCFB2C1796D100CA73EB /* ContactsModel.swift in Sources */,
				E75293982C2195F4008A95EA /* ColorView.swift in Sources */,
				E71F0C862C1B38AF00FAFD32 /* ContentViewHW2.swift in Sources */,
			);
			runOnlyForDeploymentPostprocessing = 0;
		};
		E75293B92C219932008A95EA /* Sources */ = {
			isa = PBXSourcesBuildPhase;
			buildActionMask = 2147483647;
			files = (
				E738BC412C21D37000B6EC83 /* NewContactView.swift in Sources */,
				E738BC462C21D39000B6EC83 /* SocialNetworkView.swift in Sources */,
				E75293CC2C219933008A95EA /* ColorWidget.intentdefinition in Sources */,
				E738BC492C21D39F00B6EC83 /* CustomTabBarView.swift in Sources */,
				E738BC512C21E6F800B6EC83 /* Router.swift in Sources */,
				E738BC432C21D38A00B6EC83 /* DetailsScreen.swift in Sources */,
				E738BC4C2C21D45000B6EC83 /* WithoutAvatarView.swift in Sources */,
				E75293C72C219932008A95EA /* ColorWidget.swift in Sources */,
				E75293C52C219932008A95EA /* ColorWidgetLiveActivity.swift in Sources */,
				E738BC4A2C21D3A200B6EC83 /* TabBarIcons.swift in Sources */,
				E738BC3E2C21D33C00B6EC83 /* ContactsScreen.swift in Sources */,
				E738BC452C21D38E00B6EC83 /* DetailsAvatarView.swift in Sources */,
				E738BC442C21D38C00B6EC83 /* DetailsView.swift in Sources */,
				E738BC4D2C21D45400B6EC83 /* ContactsRow.swift in Sources */,
				E738BC422C21D37600B6EC83 /* ColorView.swift in Sources */,
				E738BC3F2C21D35800B6EC83 /* ContactsModel.swift in Sources */,
				E738BC4B2C21D44C00B6EC83 /* AvatarView.swift in Sources */,
				E75293C32C219932008A95EA /* ColorWidgetBundle.swift in Sources */,
			);
			runOnlyForDeploymentPostprocessing = 0;
		};
/* End PBXSourcesBuildPhase section */

/* Begin PBXTargetDependency section */
		E75293CF2C219933008A95EA /* PBXTargetDependency */ = {
			isa = PBXTargetDependency;
			target = E75293BC2C219932008A95EA /* ColorWidgetExtension */;
			targetProxy = E75293CE2C219933008A95EA /* PBXContainerItemProxy */;
		};
/* End PBXTargetDependency section */

/* Begin XCBuildConfiguration section */
		E71583562C0FA25C00EADFF7 /* Debug */ = {
			isa = XCBuildConfiguration;
			buildSettings = {
				ALWAYS_SEARCH_USER_PATHS = NO;
				CLANG_ANALYZER_NONNULL = YES;
				CLANG_ANALYZER_NUMBER_OBJECT_CONVERSION = YES_AGGRESSIVE;
				CLANG_CXX_LANGUAGE_STANDARD = "gnu++20";
				CLANG_ENABLE_MODULES = YES;
				CLANG_ENABLE_OBJC_ARC = YES;
				CLANG_ENABLE_OBJC_WEAK = YES;
				CLANG_WARN_BLOCK_CAPTURE_AUTORELEASING = YES;
				CLANG_WARN_BOOL_CONVERSION = YES;
				CLANG_WARN_COMMA = YES;
				CLANG_WARN_CONSTANT_CONVERSION = YES;
				CLANG_WARN_DEPRECATED_OBJC_IMPLEMENTATIONS = YES;
				CLANG_WARN_DIRECT_OBJC_ISA_USAGE = YES_ERROR;
				CLANG_WARN_DOCUMENTATION_COMMENTS = YES;
				CLANG_WARN_EMPTY_BODY = YES;
				CLANG_WARN_ENUM_CONVERSION = YES;
				CLANG_WARN_INFINITE_RECURSION = YES;
				CLANG_WARN_INT_CONVERSION = YES;
				CLANG_WARN_NON_LITERAL_NULL_CONVERSION = YES;
				CLANG_WARN_OBJC_IMPLICIT_RETAIN_SELF = YES;
				CLANG_WARN_OBJC_LITERAL_CONVERSION = YES;
				CLANG_WARN_OBJC_ROOT_CLASS = YES_ERROR;
				CLANG_WARN_QUOTED_INCLUDE_IN_FRAMEWORK_HEADER = YES;
				CLANG_WARN_RANGE_LOOP_ANALYSIS = YES;
				CLANG_WARN_STRICT_PROTOTYPES = YES;
				CLANG_WARN_SUSPICIOUS_MOVE = YES;
				CLANG_WARN_UNGUARDED_AVAILABILITY = YES_AGGRESSIVE;
				CLANG_WARN_UNREACHABLE_CODE = YES;
				CLANG_WARN__DUPLICATE_METHOD_MATCH = YES;
				COPY_PHASE_STRIP = NO;
				DEBUG_INFORMATION_FORMAT = dwarf;
				ENABLE_STRICT_OBJC_MSGSEND = YES;
				ENABLE_TESTABILITY = YES;
				GCC_C_LANGUAGE_STANDARD = gnu11;
				GCC_DYNAMIC_NO_PIC = NO;
				GCC_NO_COMMON_BLOCKS = YES;
				GCC_OPTIMIZATION_LEVEL = 0;
				GCC_PREPROCESSOR_DEFINITIONS = (
					"DEBUG=1",
					"$(inherited)",
				);
				GCC_WARN_64_TO_32_BIT_CONVERSION = YES;
				GCC_WARN_ABOUT_RETURN_TYPE = YES_ERROR;
				GCC_WARN_UNDECLARED_SELECTOR = YES;
				GCC_WARN_UNINITIALIZED_AUTOS = YES_AGGRESSIVE;
				GCC_WARN_UNUSED_FUNCTION = YES;
				GCC_WARN_UNUSED_VARIABLE = YES;
				IPHONEOS_DEPLOYMENT_TARGET = 16.2;
				MTL_ENABLE_DEBUG_INFO = INCLUDE_SOURCE;
				MTL_FAST_MATH = YES;
				ONLY_ACTIVE_ARCH = YES;
				SDKROOT = iphoneos;
				SWIFT_ACTIVE_COMPILATION_CONDITIONS = DEBUG;
				SWIFT_OPTIMIZATION_LEVEL = "-Onone";
			};
			name = Debug;
		};
		E71583572C0FA25C00EADFF7 /* Release */ = {
			isa = XCBuildConfiguration;
			buildSettings = {
				ALWAYS_SEARCH_USER_PATHS = NO;
				CLANG_ANALYZER_NONNULL = YES;
				CLANG_ANALYZER_NUMBER_OBJECT_CONVERSION = YES_AGGRESSIVE;
				CLANG_CXX_LANGUAGE_STANDARD = "gnu++20";
				CLANG_ENABLE_MODULES = YES;
				CLANG_ENABLE_OBJC_ARC = YES;
				CLANG_ENABLE_OBJC_WEAK = YES;
				CLANG_WARN_BLOCK_CAPTURE_AUTORELEASING = YES;
				CLANG_WARN_BOOL_CONVERSION = YES;
				CLANG_WARN_COMMA = YES;
				CLANG_WARN_CONSTANT_CONVERSION = YES;
				CLANG_WARN_DEPRECATED_OBJC_IMPLEMENTATIONS = YES;
				CLANG_WARN_DIRECT_OBJC_ISA_USAGE = YES_ERROR;
				CLANG_WARN_DOCUMENTATION_COMMENTS = YES;
				CLANG_WARN_EMPTY_BODY = YES;
				CLANG_WARN_ENUM_CONVERSION = YES;
				CLANG_WARN_INFINITE_RECURSION = YES;
				CLANG_WARN_INT_CONVERSION = YES;
				CLANG_WARN_NON_LITERAL_NULL_CONVERSION = YES;
				CLANG_WARN_OBJC_IMPLICIT_RETAIN_SELF = YES;
				CLANG_WARN_OBJC_LITERAL_CONVERSION = YES;
				CLANG_WARN_OBJC_ROOT_CLASS = YES_ERROR;
				CLANG_WARN_QUOTED_INCLUDE_IN_FRAMEWORK_HEADER = YES;
				CLANG_WARN_RANGE_LOOP_ANALYSIS = YES;
				CLANG_WARN_STRICT_PROTOTYPES = YES;
				CLANG_WARN_SUSPICIOUS_MOVE = YES;
				CLANG_WARN_UNGUARDED_AVAILABILITY = YES_AGGRESSIVE;
				CLANG_WARN_UNREACHABLE_CODE = YES;
				CLANG_WARN__DUPLICATE_METHOD_MATCH = YES;
				COPY_PHASE_STRIP = NO;
				DEBUG_INFORMATION_FORMAT = "dwarf-with-dsym";
				ENABLE_NS_ASSERTIONS = NO;
				ENABLE_STRICT_OBJC_MSGSEND = YES;
				GCC_C_LANGUAGE_STANDARD = gnu11;
				GCC_NO_COMMON_BLOCKS = YES;
				GCC_WARN_64_TO_32_BIT_CONVERSION = YES;
				GCC_WARN_ABOUT_RETURN_TYPE = YES_ERROR;
				GCC_WARN_UNDECLARED_SELECTOR = YES;
				GCC_WARN_UNINITIALIZED_AUTOS = YES_AGGRESSIVE;
				GCC_WARN_UNUSED_FUNCTION = YES;
				GCC_WARN_UNUSED_VARIABLE = YES;
				IPHONEOS_DEPLOYMENT_TARGET = 16.2;
				MTL_ENABLE_DEBUG_INFO = NO;
				MTL_FAST_MATH = YES;
				SDKROOT = iphoneos;
				SWIFT_COMPILATION_MODE = wholemodule;
				SWIFT_OPTIMIZATION_LEVEL = "-O";
				VALIDATE_PRODUCT = YES;
			};
			name = Release;
		};
		E71583592C0FA25C00EADFF7 /* Debug */ = {
			isa = XCBuildConfiguration;
			buildSettings = {
				ALWAYS_EMBED_SWIFT_STANDARD_LIBRARIES = YES;
				ASSETCATALOG_COMPILER_APPICON_NAME = AppIcon;
				ASSETCATALOG_COMPILER_GLOBAL_ACCENT_COLOR_NAME = AccentColor;
				CODE_SIGN_STYLE = Automatic;
				CURRENT_PROJECT_VERSION = 1;
				DEVELOPMENT_ASSET_PATHS = "\"WBMessenger/Preview Content\"";
				ENABLE_PREVIEWS = YES;
				GENERATE_INFOPLIST_FILE = YES;
				INFOPLIST_KEY_UIApplicationSceneManifest_Generation = YES;
				INFOPLIST_KEY_UIApplicationSupportsIndirectInputEvents = YES;
				INFOPLIST_KEY_UILaunchScreen_Generation = YES;
				INFOPLIST_KEY_UISupportedInterfaceOrientations_iPad = "UIInterfaceOrientationPortrait UIInterfaceOrientationPortraitUpsideDown UIInterfaceOrientationLandscapeLeft UIInterfaceOrientationLandscapeRight";
				INFOPLIST_KEY_UISupportedInterfaceOrientations_iPhone = "UIInterfaceOrientationPortrait UIInterfaceOrientationLandscapeLeft UIInterfaceOrientationLandscapeRight";
				LD_RUNPATH_SEARCH_PATHS = (
					"$(inherited)",
					"@executable_path/Frameworks",
				);
				MARKETING_VERSION = 1.0;
				PRODUCT_BUNDLE_IDENTIFIER = "-2121.WBMessenger";
				PRODUCT_NAME = "$(TARGET_NAME)";
				SWIFT_EMIT_LOC_STRINGS = YES;
				SWIFT_VERSION = 5.0;
				TARGETED_DEVICE_FAMILY = "1,2";
			};
			name = Debug;
		};
		E715835A2C0FA25C00EADFF7 /* Release */ = {
			isa = XCBuildConfiguration;
			buildSettings = {
				ALWAYS_EMBED_SWIFT_STANDARD_LIBRARIES = YES;
				ASSETCATALOG_COMPILER_APPICON_NAME = AppIcon;
				ASSETCATALOG_COMPILER_GLOBAL_ACCENT_COLOR_NAME = AccentColor;
				CODE_SIGN_STYLE = Automatic;
				CURRENT_PROJECT_VERSION = 1;
				DEVELOPMENT_ASSET_PATHS = "\"WBMessenger/Preview Content\"";
				ENABLE_PREVIEWS = YES;
				GENERATE_INFOPLIST_FILE = YES;
				INFOPLIST_KEY_UIApplicationSceneManifest_Generation = YES;
				INFOPLIST_KEY_UIApplicationSupportsIndirectInputEvents = YES;
				INFOPLIST_KEY_UILaunchScreen_Generation = YES;
				INFOPLIST_KEY_UISupportedInterfaceOrientations_iPad = "UIInterfaceOrientationPortrait UIInterfaceOrientationPortraitUpsideDown UIInterfaceOrientationLandscapeLeft UIInterfaceOrientationLandscapeRight";
				INFOPLIST_KEY_UISupportedInterfaceOrientations_iPhone = "UIInterfaceOrientationPortrait UIInterfaceOrientationLandscapeLeft UIInterfaceOrientationLandscapeRight";
				LD_RUNPATH_SEARCH_PATHS = (
					"$(inherited)",
					"@executable_path/Frameworks",
				);
				MARKETING_VERSION = 1.0;
				PRODUCT_BUNDLE_IDENTIFIER = "-2121.WBMessenger";
				PRODUCT_NAME = "$(TARGET_NAME)";
				SWIFT_EMIT_LOC_STRINGS = YES;
				SWIFT_VERSION = 5.0;
				TARGETED_DEVICE_FAMILY = "1,2";
			};
			name = Release;
		};
		E75293D22C219934008A95EA /* Debug */ = {
			isa = XCBuildConfiguration;
			buildSettings = {
				ASSETCATALOG_COMPILER_GLOBAL_ACCENT_COLOR_NAME = AccentColor;
				ASSETCATALOG_COMPILER_WIDGET_BACKGROUND_COLOR_NAME = WidgetBackground;
				CODE_SIGN_STYLE = Automatic;
				CURRENT_PROJECT_VERSION = 1;
				GENERATE_INFOPLIST_FILE = YES;
				INFOPLIST_FILE = ColorWidget/Info.plist;
				INFOPLIST_KEY_CFBundleDisplayName = ColorWidget;
				INFOPLIST_KEY_NSHumanReadableCopyright = "";
				LD_RUNPATH_SEARCH_PATHS = (
					"$(inherited)",
					"@executable_path/Frameworks",
					"@executable_path/../../Frameworks",
				);
				MARKETING_VERSION = 1.0;
				PRODUCT_BUNDLE_IDENTIFIER = "-2121.WBMessenger.ColorWidget";
				PRODUCT_NAME = "$(TARGET_NAME)";
				SKIP_INSTALL = YES;
				SWIFT_EMIT_LOC_STRINGS = YES;
				SWIFT_VERSION = 5.0;
				TARGETED_DEVICE_FAMILY = "1,2";
			};
			name = Debug;
		};
		E75293D32C219934008A95EA /* Release */ = {
			isa = XCBuildConfiguration;
			buildSettings = {
				ASSETCATALOG_COMPILER_GLOBAL_ACCENT_COLOR_NAME = AccentColor;
				ASSETCATALOG_COMPILER_WIDGET_BACKGROUND_COLOR_NAME = WidgetBackground;
				CODE_SIGN_STYLE = Automatic;
				CURRENT_PROJECT_VERSION = 1;
				GENERATE_INFOPLIST_FILE = YES;
				INFOPLIST_FILE = ColorWidget/Info.plist;
				INFOPLIST_KEY_CFBundleDisplayName = ColorWidget;
				INFOPLIST_KEY_NSHumanReadableCopyright = "";
				LD_RUNPATH_SEARCH_PATHS = (
					"$(inherited)",
					"@executable_path/Frameworks",
					"@executable_path/../../Frameworks",
				);
				MARKETING_VERSION = 1.0;
				PRODUCT_BUNDLE_IDENTIFIER = "-2121.WBMessenger.ColorWidget";
				PRODUCT_NAME = "$(TARGET_NAME)";
				SKIP_INSTALL = YES;
				SWIFT_EMIT_LOC_STRINGS = YES;
				SWIFT_VERSION = 5.0;
				TARGETED_DEVICE_FAMILY = "1,2";
			};
			name = Release;
		};
/* End XCBuildConfiguration section */

/* Begin XCConfigurationList section */
		E71583452C0FA25B00EADFF7 /* Build configuration list for PBXProject "WBMessenger" */ = {
			isa = XCConfigurationList;
			buildConfigurations = (
				E71583562C0FA25C00EADFF7 /* Debug */,
				E71583572C0FA25C00EADFF7 /* Release */,
			);
			defaultConfigurationIsVisible = 0;
			defaultConfigurationName = Release;
		};
		E71583582C0FA25C00EADFF7 /* Build configuration list for PBXNativeTarget "WBMessenger" */ = {
			isa = XCConfigurationList;
			buildConfigurations = (
				E71583592C0FA25C00EADFF7 /* Debug */,
				E715835A2C0FA25C00EADFF7 /* Release */,
			);
			defaultConfigurationIsVisible = 0;
			defaultConfigurationName = Release;
		};
		E75293D12C219934008A95EA /* Build configuration list for PBXNativeTarget "ColorWidgetExtension" */ = {
			isa = XCConfigurationList;
			buildConfigurations = (
				E75293D22C219934008A95EA /* Debug */,
				E75293D32C219934008A95EA /* Release */,
			);
			defaultConfigurationIsVisible = 0;
			defaultConfigurationName = Release;
		};
/* End XCConfigurationList section */
	};
	rootObject = E71583422C0FA25B00EADFF7 /* Project object */;
}
