// !$*UTF8*$!
{
	archiveVersion = 1;
	classes = {
	};
	objectVersion = 56;
	objects = {

/* Begin PBXBuildFile section */
		E71583502C0FA25B00EADFF7 /* ContentView.swift in Sources */ = {isa = PBXBuildFile; fileRef = E715834F2C0FA25B00EADFF7 /* ContentView.swift */; };
		E71583522C0FA25C00EADFF7 /* Assets.xcassets in Resources */ = {isa = PBXBuildFile; fileRef = E71583512C0FA25C00EADFF7 /* Assets.xcassets */; };
		E71583552C0FA25C00EADFF7 /* Preview Assets.xcassets in Resources */ = {isa = PBXBuildFile; fileRef = E71583542C0FA25C00EADFF7 /* Preview Assets.xcassets */; };
		E715835C2C0FA47700EADFF7 /* WalkthroughView.swift in Sources */ = {isa = PBXBuildFile; fileRef = E715835B2C0FA47700EADFF7 /* WalkthroughView.swift */; };
		E715835E2C0FA4AF00EADFF7 /* LightOrDarkImage.swift in Sources */ = {isa = PBXBuildFile; fileRef = E715835D2C0FA4AF00EADFF7 /* LightOrDarkImage.swift */; };
		E71583612C0FA75E00EADFF7 /* UserAgreementAndButtonView.swift in Sources */ = {isa = PBXBuildFile; fileRef = E71583602C0FA75E00EADFF7 /* UserAgreementAndButtonView.swift */; };
		E71583642C0FA81E00EADFF7 /* VerificationView.swift in Sources */ = {isa = PBXBuildFile; fileRef = E71583632C0FA81E00EADFF7 /* VerificationView.swift */; };
		E718404C2C19CB53005246C8 /* DetailsScreen.swift in Sources */ = {isa = PBXBuildFile; fileRef = E718404B2C19CB53005246C8 /* DetailsScreen.swift */; };
		E718404E2C19CB61005246C8 /* DetailsView.swift in Sources */ = {isa = PBXBuildFile; fileRef = E718404D2C19CB61005246C8 /* DetailsView.swift */; };
		E71840502C19E90F005246C8 /* DetailsAvatarView.swift in Sources */ = {isa = PBXBuildFile; fileRef = E718404F2C19E90F005246C8 /* DetailsAvatarView.swift */; };
		E71840522C19EA80005246C8 /* SocialNetworkView.swift in Sources */ = {isa = PBXBuildFile; fileRef = E71840512C19EA80005246C8 /* SocialNetworkView.swift */; };
		E71BBCF52C17902300CA73EB /* ContactsScreen.swift in Sources */ = {isa = PBXBuildFile; fileRef = E71BBCF42C17902300CA73EB /* ContactsScreen.swift */; };
		E71BBCF72C1790B100CA73EB /* ContactsRow.swift in Sources */ = {isa = PBXBuildFile; fileRef = E71BBCF62C1790B100CA73EB /* ContactsRow.swift */; };
		E71BBCF92C17954400CA73EB /* AvatarView.swift in Sources */ = {isa = PBXBuildFile; fileRef = E71BBCF82C17954400CA73EB /* AvatarView.swift */; };
		E71BBCFB2C1796D100CA73EB /* ContactsModel.swift in Sources */ = {isa = PBXBuildFile; fileRef = E71BBCFA2C1796D100CA73EB /* ContactsModel.swift */; };
		E71F0C862C1B38AF00FAFD32 /* ContentViewHW2.swift in Sources */ = {isa = PBXBuildFile; fileRef = E71F0C852C1B38AF00FAFD32 /* ContentViewHW2.swift */; };
		E72AF0342C2C789F00D8997F /* Person.swift in Sources */ = {isa = PBXBuildFile; fileRef = E72AF0332C2C789F00D8997F /* Person.swift */; };
		E72AF0362C2C7A2600D8997F /* Passport.swift in Sources */ = {isa = PBXBuildFile; fileRef = E72AF0352C2C7A2600D8997F /* Passport.swift */; };
		E72AF0382C2C7A4C00D8997F /* FactoryView.swift in Sources */ = {isa = PBXBuildFile; fileRef = E72AF0372C2C7A4C00D8997F /* FactoryView.swift */; };
		E72AF03A2C2C7D9600D8997F /* StartedWorkView.swift in Sources */ = {isa = PBXBuildFile; fileRef = E72AF0392C2C7D9600D8997F /* StartedWorkView.swift */; };
		E738BC502C21D7D300B6EC83 /* Router.swift in Sources */ = {isa = PBXBuildFile; fileRef = E738BC4F2C21D7D300B6EC83 /* Router.swift */; };
		E73A594F2C3533D600B66082 /* MainScreen.swift in Sources */ = {isa = PBXBuildFile; fileRef = E73A594E2C3533D600B66082 /* MainScreen.swift */; };
		E73A59512C3533E900B66082 /* DetailsOfMainScreen.swift in Sources */ = {isa = PBXBuildFile; fileRef = E73A59502C3533E900B66082 /* DetailsOfMainScreen.swift */; };
		E73A59542C35359500B66082 /* Profile.swift in Sources */ = {isa = PBXBuildFile; fileRef = E73A59532C35359500B66082 /* Profile.swift */; };
		E74048292C2D598C00A8F45D /* CelendarView.swift in Sources */ = {isa = PBXBuildFile; fileRef = E74048282C2D598C00A8F45D /* CelendarView.swift */; };
		E740482B2C2D657800A8F45D /* CelendarViewModel.swift in Sources */ = {isa = PBXBuildFile; fileRef = E740482A2C2D657800A8F45D /* CelendarViewModel.swift */; };
		E75293D62C21C6B1008A95EA /* NewContactView.swift in Sources */ = {isa = PBXBuildFile; fileRef = E75293D52C21C6B1008A95EA /* NewContactView.swift */; };
		E75630A42C33286F00FF421A /* InfinityScrollView.swift in Sources */ = {isa = PBXBuildFile; fileRef = E75630A32C33286F00FF421A /* InfinityScrollView.swift */; };
		E75630A82C333E1300FF421A /* Collection+.swift in Sources */ = {isa = PBXBuildFile; fileRef = E75630A72C333E1300FF421A /* Collection+.swift */; };
		E75A76242C1B8F66005C05AE /* CustomTabBarView.swift in Sources */ = {isa = PBXBuildFile; fileRef = E75A76232C1B8F66005C05AE /* CustomTabBarView.swift */; };
		E75A76262C1B8FE2005C05AE /* TabBarIcons.swift in Sources */ = {isa = PBXBuildFile; fileRef = E75A76252C1B8FE2005C05AE /* TabBarIcons.swift */; };
		E75E22A72C25C33700CAD8E8 /* Bank.swift in Sources */ = {isa = PBXBuildFile; fileRef = E75E22A62C25C33700CAD8E8 /* Bank.swift */; };
		E75E22A92C25C71500CAD8E8 /* CientA.swift in Sources */ = {isa = PBXBuildFile; fileRef = E75E22A82C25C71500CAD8E8 /* CientA.swift */; };
		E75E22AB2C25C71F00CAD8E8 /* ClientB.swift in Sources */ = {isa = PBXBuildFile; fileRef = E75E22AA2C25C71F00CAD8E8 /* ClientB.swift */; };
		E75E22AD2C25CD9400CAD8E8 /* BankView.swift in Sources */ = {isa = PBXBuildFile; fileRef = E75E22AC2C25CD9400CAD8E8 /* BankView.swift */; };
		E768E7102C18883E002177E2 /* WithoutAvatarView.swift in Sources */ = {isa = PBXBuildFile; fileRef = E768E70F2C18883E002177E2 /* WithoutAvatarView.swift */; };
		E78557682C245D7300AF6FD9 /* WBMessengerApp.swift in Sources */ = {isa = PBXBuildFile; fileRef = E715834D2C0FA25B00EADFF7 /* WBMessengerApp.swift */; };
		E799C0782C2EE55500D0C82A /* Extentions.swift in Sources */ = {isa = PBXBuildFile; fileRef = E799C0772C2EE55500D0C82A /* Extentions.swift */; };
		E7FA9BFB2C247D1D0096E1DD /* WidgetKit.framework in Frameworks */ = {isa = PBXBuildFile; fileRef = E7FA9BFA2C247D1D0096E1DD /* WidgetKit.framework */; };
		E7FA9BFD2C247D1D0096E1DD /* SwiftUI.framework in Frameworks */ = {isa = PBXBuildFile; fileRef = E7FA9BFC2C247D1D0096E1DD /* SwiftUI.framework */; };
		E7FA9C002C247D1D0096E1DD /* ContactsWidgetBundle.swift in Sources */ = {isa = PBXBuildFile; fileRef = E7FA9BFF2C247D1D0096E1DD /* ContactsWidgetBundle.swift */; };
		E7FA9C022C247D1D0096E1DD /* ContactsWidget.swift in Sources */ = {isa = PBXBuildFile; fileRef = E7FA9C012C247D1D0096E1DD /* ContactsWidget.swift */; };
		E7FA9C042C247D1E0096E1DD /* Assets.xcassets in Resources */ = {isa = PBXBuildFile; fileRef = E7FA9C032C247D1E0096E1DD /* Assets.xcassets */; };
		E7FA9C082C247D1E0096E1DD /* ContactsWidgetExtension.appex in Embed Foundation Extensions */ = {isa = PBXBuildFile; fileRef = E7FA9BF82C247D1D0096E1DD /* ContactsWidgetExtension.appex */; settings = {ATTRIBUTES = (RemoveHeadersOnCopy, ); }; };
		E7FA9C0E2C247D6B0096E1DD /* Provider.swift in Sources */ = {isa = PBXBuildFile; fileRef = E7FA9C0C2C247D410096E1DD /* Provider.swift */; };
		E7FA9C132C247DD60096E1DD /* ContactsWidgetView.swift in Sources */ = {isa = PBXBuildFile; fileRef = E7FA9C112C247DBD0096E1DD /* ContactsWidgetView.swift */; };
		E7FA9C142C247DD80096E1DD /* SimpleEntry.swift in Sources */ = {isa = PBXBuildFile; fileRef = E7FA9C0F2C247D9A0096E1DD /* SimpleEntry.swift */; };
		E7FA9C162C2482F30096E1DD /* SmallSizeWidgetView.swift in Sources */ = {isa = PBXBuildFile; fileRef = E7FA9C152C2482F30096E1DD /* SmallSizeWidgetView.swift */; };
		E7FA9C182C2483040096E1DD /* LargeSizeWidgetView.swift in Sources */ = {isa = PBXBuildFile; fileRef = E7FA9C172C2483040096E1DD /* LargeSizeWidgetView.swift */; };
		E7FA9C1A2C24842B0096E1DD /* SimpleEntry.swift in Sources */ = {isa = PBXBuildFile; fileRef = E7FA9C0F2C247D9A0096E1DD /* SimpleEntry.swift */; };
		E7FA9C1D2C24880B0096E1DD /* Provider.swift in Sources */ = {isa = PBXBuildFile; fileRef = E7FA9C0C2C247D410096E1DD /* Provider.swift */; };
		E7FA9C1E2C248D530096E1DD /* ContactsModel.swift in Sources */ = {isa = PBXBuildFile; fileRef = E71BBCFA2C1796D100CA73EB /* ContactsModel.swift */; };
		E7FA9C202C2493A00096E1DD /* MediumSizeWidgetView.swift in Sources */ = {isa = PBXBuildFile; fileRef = E7FA9C1F2C2493A00096E1DD /* MediumSizeWidgetView.swift */; };
/* End PBXBuildFile section */

/* Begin PBXContainerItemProxy section */
		E7FA9C062C247D1E0096E1DD /* PBXContainerItemProxy */ = {
			isa = PBXContainerItemProxy;
			containerPortal = E71583422C0FA25B00EADFF7 /* Project object */;
			proxyType = 1;
			remoteGlobalIDString = E7FA9BF72C247D1D0096E1DD;
			remoteInfo = ContactsWidgetExtension;
		};
/* End PBXContainerItemProxy section */

/* Begin PBXCopyFilesBuildPhase section */
		E75293902C21949D008A95EA /* Embed Foundation Extensions */ = {
			isa = PBXCopyFilesBuildPhase;
			buildActionMask = 2147483647;
			dstPath = "";
			dstSubfolderSpec = 13;
			files = (
				E7FA9C082C247D1E0096E1DD /* ContactsWidgetExtension.appex in Embed Foundation Extensions */,
			);
			name = "Embed Foundation Extensions";
			runOnlyForDeploymentPostprocessing = 0;
		};
/* End PBXCopyFilesBuildPhase section */

/* Begin PBXFileReference section */
		E715834A2C0FA25B00EADFF7 /* WBMessenger.app */ = {isa = PBXFileReference; explicitFileType = wrapper.application; includeInIndex = 0; path = WBMessenger.app; sourceTree = BUILT_PRODUCTS_DIR; };
		E715834D2C0FA25B00EADFF7 /* WBMessengerApp.swift */ = {isa = PBXFileReference; lastKnownFileType = sourcecode.swift; path = WBMessengerApp.swift; sourceTree = "<group>"; };
		E715834F2C0FA25B00EADFF7 /* ContentView.swift */ = {isa = PBXFileReference; lastKnownFileType = sourcecode.swift; path = ContentView.swift; sourceTree = "<group>"; };
		E71583512C0FA25C00EADFF7 /* Assets.xcassets */ = {isa = PBXFileReference; lastKnownFileType = folder.assetcatalog; path = Assets.xcassets; sourceTree = "<group>"; };
		E71583542C0FA25C00EADFF7 /* Preview Assets.xcassets */ = {isa = PBXFileReference; lastKnownFileType = folder.assetcatalog; path = "Preview Assets.xcassets"; sourceTree = "<group>"; };
		E715835B2C0FA47700EADFF7 /* WalkthroughView.swift */ = {isa = PBXFileReference; lastKnownFileType = sourcecode.swift; path = WalkthroughView.swift; sourceTree = "<group>"; };
		E715835D2C0FA4AF00EADFF7 /* LightOrDarkImage.swift */ = {isa = PBXFileReference; lastKnownFileType = sourcecode.swift; path = LightOrDarkImage.swift; sourceTree = "<group>"; };
		E71583602C0FA75E00EADFF7 /* UserAgreementAndButtonView.swift */ = {isa = PBXFileReference; lastKnownFileType = sourcecode.swift; path = UserAgreementAndButtonView.swift; sourceTree = "<group>"; };
		E71583632C0FA81E00EADFF7 /* VerificationView.swift */ = {isa = PBXFileReference; lastKnownFileType = sourcecode.swift; path = VerificationView.swift; sourceTree = "<group>"; };
		E718404B2C19CB53005246C8 /* DetailsScreen.swift */ = {isa = PBXFileReference; lastKnownFileType = sourcecode.swift; path = DetailsScreen.swift; sourceTree = "<group>"; };
		E718404D2C19CB61005246C8 /* DetailsView.swift */ = {isa = PBXFileReference; lastKnownFileType = sourcecode.swift; path = DetailsView.swift; sourceTree = "<group>"; };
		E718404F2C19E90F005246C8 /* DetailsAvatarView.swift */ = {isa = PBXFileReference; lastKnownFileType = sourcecode.swift; path = DetailsAvatarView.swift; sourceTree = "<group>"; };
		E71840512C19EA80005246C8 /* SocialNetworkView.swift */ = {isa = PBXFileReference; lastKnownFileType = sourcecode.swift; path = SocialNetworkView.swift; sourceTree = "<group>"; };
		E71BBCF42C17902300CA73EB /* ContactsScreen.swift */ = {isa = PBXFileReference; lastKnownFileType = sourcecode.swift; path = ContactsScreen.swift; sourceTree = "<group>"; };
		E71BBCF62C1790B100CA73EB /* ContactsRow.swift */ = {isa = PBXFileReference; lastKnownFileType = sourcecode.swift; path = ContactsRow.swift; sourceTree = "<group>"; };
		E71BBCF82C17954400CA73EB /* AvatarView.swift */ = {isa = PBXFileReference; lastKnownFileType = sourcecode.swift; path = AvatarView.swift; sourceTree = "<group>"; };
		E71BBCFA2C1796D100CA73EB /* ContactsModel.swift */ = {isa = PBXFileReference; lastKnownFileType = sourcecode.swift; path = ContactsModel.swift; sourceTree = "<group>"; };
		E71F0C852C1B38AF00FAFD32 /* ContentViewHW2.swift */ = {isa = PBXFileReference; lastKnownFileType = sourcecode.swift; path = ContentViewHW2.swift; sourceTree = "<group>"; };
		E72AF0332C2C789F00D8997F /* Person.swift */ = {isa = PBXFileReference; lastKnownFileType = sourcecode.swift; path = Person.swift; sourceTree = "<group>"; };
		E72AF0352C2C7A2600D8997F /* Passport.swift */ = {isa = PBXFileReference; lastKnownFileType = sourcecode.swift; path = Passport.swift; sourceTree = "<group>"; };
		E72AF0372C2C7A4C00D8997F /* FactoryView.swift */ = {isa = PBXFileReference; lastKnownFileType = sourcecode.swift; path = FactoryView.swift; sourceTree = "<group>"; };
		E72AF0392C2C7D9600D8997F /* StartedWorkView.swift */ = {isa = PBXFileReference; lastKnownFileType = sourcecode.swift; path = StartedWorkView.swift; sourceTree = "<group>"; };
		E738BC4F2C21D7D300B6EC83 /* Router.swift */ = {isa = PBXFileReference; lastKnownFileType = sourcecode.swift; path = Router.swift; sourceTree = "<group>"; };
		E73A594E2C3533D600B66082 /* MainScreen.swift */ = {isa = PBXFileReference; lastKnownFileType = sourcecode.swift; path = MainScreen.swift; sourceTree = "<group>"; };
		E73A59502C3533E900B66082 /* DetailsOfMainScreen.swift */ = {isa = PBXFileReference; lastKnownFileType = sourcecode.swift; path = DetailsOfMainScreen.swift; sourceTree = "<group>"; };
		E73A59532C35359500B66082 /* Profile.swift */ = {isa = PBXFileReference; lastKnownFileType = sourcecode.swift; path = Profile.swift; sourceTree = "<group>"; };
		E74048282C2D598C00A8F45D /* CelendarView.swift */ = {isa = PBXFileReference; lastKnownFileType = sourcecode.swift; path = CelendarView.swift; sourceTree = "<group>"; };
		E740482A2C2D657800A8F45D /* CelendarViewModel.swift */ = {isa = PBXFileReference; lastKnownFileType = sourcecode.swift; path = CelendarViewModel.swift; sourceTree = "<group>"; };
		E75293D52C21C6B1008A95EA /* NewContactView.swift */ = {isa = PBXFileReference; lastKnownFileType = sourcecode.swift; path = NewContactView.swift; sourceTree = "<group>"; };
		E75630A32C33286F00FF421A /* InfinityScrollView.swift */ = {isa = PBXFileReference; lastKnownFileType = sourcecode.swift; path = InfinityScrollView.swift; sourceTree = "<group>"; };
		E75630A72C333E1300FF421A /* Collection+.swift */ = {isa = PBXFileReference; lastKnownFileType = sourcecode.swift; path = "Collection+.swift"; sourceTree = "<group>"; };
		E75A76232C1B8F66005C05AE /* CustomTabBarView.swift */ = {isa = PBXFileReference; lastKnownFileType = sourcecode.swift; path = CustomTabBarView.swift; sourceTree = "<group>"; };
		E75A76252C1B8FE2005C05AE /* TabBarIcons.swift */ = {isa = PBXFileReference; lastKnownFileType = sourcecode.swift; path = TabBarIcons.swift; sourceTree = "<group>"; };
		E75E22A62C25C33700CAD8E8 /* Bank.swift */ = {isa = PBXFileReference; lastKnownFileType = sourcecode.swift; path = Bank.swift; sourceTree = "<group>"; };
		E75E22A82C25C71500CAD8E8 /* CientA.swift */ = {isa = PBXFileReference; lastKnownFileType = sourcecode.swift; path = CientA.swift; sourceTree = "<group>"; };
		E75E22AA2C25C71F00CAD8E8 /* ClientB.swift */ = {isa = PBXFileReference; lastKnownFileType = sourcecode.swift; path = ClientB.swift; sourceTree = "<group>"; };
		E75E22AC2C25CD9400CAD8E8 /* BankView.swift */ = {isa = PBXFileReference; lastKnownFileType = sourcecode.swift; path = BankView.swift; sourceTree = "<group>"; };
		E768E70F2C18883E002177E2 /* WithoutAvatarView.swift */ = {isa = PBXFileReference; lastKnownFileType = sourcecode.swift; path = WithoutAvatarView.swift; sourceTree = "<group>"; };
		E799C0772C2EE55500D0C82A /* Extentions.swift */ = {isa = PBXFileReference; lastKnownFileType = sourcecode.swift; path = Extentions.swift; sourceTree = "<group>"; };
		E7FA9BF82C247D1D0096E1DD /* ContactsWidgetExtension.appex */ = {isa = PBXFileReference; explicitFileType = "wrapper.app-extension"; includeInIndex = 0; path = ContactsWidgetExtension.appex; sourceTree = BUILT_PRODUCTS_DIR; };
		E7FA9BFA2C247D1D0096E1DD /* WidgetKit.framework */ = {isa = PBXFileReference; lastKnownFileType = wrapper.framework; name = WidgetKit.framework; path = System/Library/Frameworks/WidgetKit.framework; sourceTree = SDKROOT; };
		E7FA9BFC2C247D1D0096E1DD /* SwiftUI.framework */ = {isa = PBXFileReference; lastKnownFileType = wrapper.framework; name = SwiftUI.framework; path = System/Library/Frameworks/SwiftUI.framework; sourceTree = SDKROOT; };
		E7FA9BFF2C247D1D0096E1DD /* ContactsWidgetBundle.swift */ = {isa = PBXFileReference; lastKnownFileType = sourcecode.swift; path = ContactsWidgetBundle.swift; sourceTree = "<group>"; };
		E7FA9C012C247D1D0096E1DD /* ContactsWidget.swift */ = {isa = PBXFileReference; lastKnownFileType = sourcecode.swift; path = ContactsWidget.swift; sourceTree = "<group>"; };
		E7FA9C032C247D1E0096E1DD /* Assets.xcassets */ = {isa = PBXFileReference; lastKnownFileType = folder.assetcatalog; path = Assets.xcassets; sourceTree = "<group>"; };
		E7FA9C052C247D1E0096E1DD /* Info.plist */ = {isa = PBXFileReference; lastKnownFileType = text.plist.xml; path = Info.plist; sourceTree = "<group>"; };
		E7FA9C0C2C247D410096E1DD /* Provider.swift */ = {isa = PBXFileReference; lastKnownFileType = sourcecode.swift; path = Provider.swift; sourceTree = "<group>"; };
		E7FA9C0F2C247D9A0096E1DD /* SimpleEntry.swift */ = {isa = PBXFileReference; lastKnownFileType = sourcecode.swift; path = SimpleEntry.swift; sourceTree = "<group>"; };
		E7FA9C112C247DBD0096E1DD /* ContactsWidgetView.swift */ = {isa = PBXFileReference; lastKnownFileType = sourcecode.swift; path = ContactsWidgetView.swift; sourceTree = "<group>"; };
		E7FA9C152C2482F30096E1DD /* SmallSizeWidgetView.swift */ = {isa = PBXFileReference; lastKnownFileType = sourcecode.swift; path = SmallSizeWidgetView.swift; sourceTree = "<group>"; };
		E7FA9C172C2483040096E1DD /* LargeSizeWidgetView.swift */ = {isa = PBXFileReference; lastKnownFileType = sourcecode.swift; path = LargeSizeWidgetView.swift; sourceTree = "<group>"; };
		E7FA9C1F2C2493A00096E1DD /* MediumSizeWidgetView.swift */ = {isa = PBXFileReference; lastKnownFileType = sourcecode.swift; path = MediumSizeWidgetView.swift; sourceTree = "<group>"; };
/* End PBXFileReference section */

/* Begin PBXFrameworksBuildPhase section */
		E71583472C0FA25B00EADFF7 /* Frameworks */ = {
			isa = PBXFrameworksBuildPhase;
			buildActionMask = 2147483647;
			files = (
			);
			runOnlyForDeploymentPostprocessing = 0;
		};
		E7FA9BF52C247D1D0096E1DD /* Frameworks */ = {
			isa = PBXFrameworksBuildPhase;
			buildActionMask = 2147483647;
			files = (
				E7FA9BFD2C247D1D0096E1DD /* SwiftUI.framework in Frameworks */,
				E7FA9BFB2C247D1D0096E1DD /* WidgetKit.framework in Frameworks */,
			);
			runOnlyForDeploymentPostprocessing = 0;
		};
/* End PBXFrameworksBuildPhase section */

/* Begin PBXGroup section */
		E70E028E2C1C7AF900A1D238 /* HW4 */ = {
			isa = PBXGroup;
			children = (
			);
			path = HW4;
			sourceTree = "<group>";
		};
		E71583412C0FA25B00EADFF7 = {
			isa = PBXGroup;
			children = (
				E715834C2C0FA25B00EADFF7 /* WBMessenger */,
				E7FA9BFE2C247D1D0096E1DD /* ContactsWidget */,
				E7FA9BF92C247D1D0096E1DD /* Frameworks */,
				E715834B2C0FA25B00EADFF7 /* Products */,
			);
			sourceTree = "<group>";
		};
		E715834B2C0FA25B00EADFF7 /* Products */ = {
			isa = PBXGroup;
			children = (
				E715834A2C0FA25B00EADFF7 /* WBMessenger.app */,
				E7FA9BF82C247D1D0096E1DD /* ContactsWidgetExtension.appex */,
			);
			name = Products;
			sourceTree = "<group>";
		};
		E715834C2C0FA25B00EADFF7 /* WBMessenger */ = {
			isa = PBXGroup;
			children = (
				E715834D2C0FA25B00EADFF7 /* WBMessengerApp.swift */,
				E71BBCEE2C1766D200CA73EB /* HW2 */,
				E71BBCEF2C1766FF00CA73EB /* HW3 */,
				E70E028E2C1C7AF900A1D238 /* HW4 */,
				E75E22A52C25C31D00CAD8E8 /* HW5 */,
				E72AF0322C2C788700D8997F /* HW6 */,
				E74048252C2D56E000A8F45D /* HW7 */,
				E73A594C2C35339A00B66082 /* HW8 */,
				E75630A02C33284600FF421A /* HW9 */,
				E71583512C0FA25C00EADFF7 /* Assets.xcassets */,
				E75630A62C333E0100FF421A /* Extentions */,
				E71583532C0FA25C00EADFF7 /* Preview Content */,
			);
			path = WBMessenger;
			sourceTree = "<group>";
		};
		E71583532C0FA25C00EADFF7 /* Preview Content */ = {
			isa = PBXGroup;
			children = (
				E71583542C0FA25C00EADFF7 /* Preview Assets.xcassets */,
			);
			path = "Preview Content";
			sourceTree = "<group>";
		};
		E715835F2C0FA4BB00EADFF7 /* Walkthrough */ = {
			isa = PBXGroup;
			children = (
				E715835B2C0FA47700EADFF7 /* WalkthroughView.swift */,
				E715835D2C0FA4AF00EADFF7 /* LightOrDarkImage.swift */,
				E71583602C0FA75E00EADFF7 /* UserAgreementAndButtonView.swift */,
			);
			path = Walkthrough;
			sourceTree = "<group>";
		};
		E71583622C0FA7DA00EADFF7 /* Verification */ = {
			isa = PBXGroup;
			children = (
				E71583632C0FA81E00EADFF7 /* VerificationView.swift */,
			);
			path = Verification;
			sourceTree = "<group>";
		};
		E718404A2C19CB31005246C8 /* ContactDetails */ = {
			isa = PBXGroup;
			children = (
				E718404B2C19CB53005246C8 /* DetailsScreen.swift */,
				E718404D2C19CB61005246C8 /* DetailsView.swift */,
				E718404F2C19E90F005246C8 /* DetailsAvatarView.swift */,
				E71840512C19EA80005246C8 /* SocialNetworkView.swift */,
			);
			path = ContactDetails;
			sourceTree = "<group>";
		};
		E71BBCEE2C1766D200CA73EB /* HW2 */ = {
			isa = PBXGroup;
			children = (
				E715834F2C0FA25B00EADFF7 /* ContentView.swift */,
				E71583622C0FA7DA00EADFF7 /* Verification */,
				E715835F2C0FA4BB00EADFF7 /* Walkthrough */,
			);
			path = HW2;
			sourceTree = "<group>";
		};
		E71BBCEF2C1766FF00CA73EB /* HW3 */ = {
			isa = PBXGroup;
			children = (
				E71F0C852C1B38AF00FAFD32 /* ContentViewHW2.swift */,
				E738BC4E2C21D7C300B6EC83 /* Router */,
				E75293D42C21C697008A95EA /* AddANewContact */,
				E718404A2C19CB31005246C8 /* ContactDetails */,
				E71BBCF32C17900500CA73EB /* Contacts */,
				E71BBCFC2C1796E400CA73EB /* Model */,
				E71BBCF02C17676B00CA73EB /* CustomTabBar */,
			);
			path = HW3;
			sourceTree = "<group>";
		};
		E71BBCF02C17676B00CA73EB /* CustomTabBar */ = {
			isa = PBXGroup;
			children = (
				E75A76232C1B8F66005C05AE /* CustomTabBarView.swift */,
				E75A76252C1B8FE2005C05AE /* TabBarIcons.swift */,
			);
			path = CustomTabBar;
			sourceTree = "<group>";
		};
		E71BBCF32C17900500CA73EB /* Contacts */ = {
			isa = PBXGroup;
			children = (
				E71BBCF42C17902300CA73EB /* ContactsScreen.swift */,
				E71BBCFD2C1796EE00CA73EB /* Views */,
			);
			path = Contacts;
			sourceTree = "<group>";
		};
		E71BBCFC2C1796E400CA73EB /* Model */ = {
			isa = PBXGroup;
			children = (
				E71BBCFA2C1796D100CA73EB /* ContactsModel.swift */,
			);
			path = Model;
			sourceTree = "<group>";
		};
		E71BBCFD2C1796EE00CA73EB /* Views */ = {
			isa = PBXGroup;
			children = (
				E71BBCF62C1790B100CA73EB /* ContactsRow.swift */,
				E71BBCF82C17954400CA73EB /* AvatarView.swift */,
				E768E70F2C18883E002177E2 /* WithoutAvatarView.swift */,
			);
			path = Views;
			sourceTree = "<group>";
		};
		E72AF0322C2C788700D8997F /* HW6 */ = {
			isa = PBXGroup;
			children = (
				E72AF03E2C2C9F2600D8997F /* Views */,
				E72AF03D2C2C9F0F00D8997F /* Classes */,
			);
			path = HW6;
			sourceTree = "<group>";
		};
		E72AF03D2C2C9F0F00D8997F /* Classes */ = {
			isa = PBXGroup;
			children = (
				E72AF0332C2C789F00D8997F /* Person.swift */,
				E72AF0352C2C7A2600D8997F /* Passport.swift */,
			);
			path = Classes;
			sourceTree = "<group>";
		};
		E72AF03E2C2C9F2600D8997F /* Views */ = {
			isa = PBXGroup;
			children = (
				E72AF0372C2C7A4C00D8997F /* FactoryView.swift */,
				E72AF0392C2C7D9600D8997F /* StartedWorkView.swift */,
			);
			path = Views;
			sourceTree = "<group>";
		};
		E738BC4E2C21D7C300B6EC83 /* Router */ = {
			isa = PBXGroup;
			children = (
				E738BC4F2C21D7D300B6EC83 /* Router.swift */,
			);
			path = Router;
			sourceTree = "<group>";
		};
		E73A594C2C35339A00B66082 /* HW8 */ = {
			isa = PBXGroup;
			children = (
				E73A59522C35358600B66082 /* Model */,
				E73A594D2C3533C200B66082 /* Views */,
			);
			path = HW8;
			sourceTree = "<group>";
		};
		E73A594D2C3533C200B66082 /* Views */ = {
			isa = PBXGroup;
			children = (
				E73A594E2C3533D600B66082 /* MainScreen.swift */,
				E73A59502C3533E900B66082 /* DetailsOfMainScreen.swift */,
			);
			path = Views;
			sourceTree = "<group>";
		};
		E73A59522C35358600B66082 /* Model */ = {
			isa = PBXGroup;
			children = (
				E73A59532C35359500B66082 /* Profile.swift */,
			);
			path = Model;
			sourceTree = "<group>";
		};
		E74048252C2D56E000A8F45D /* HW7 */ = {
			isa = PBXGroup;
			children = (
				E74048262C2D596700A8F45D /* Views */,
				E74048272C2D597000A8F45D /* ViewModel */,
			);
			path = HW7;
			sourceTree = "<group>";
		};
		E74048262C2D596700A8F45D /* Views */ = {
			isa = PBXGroup;
			children = (
				E74048282C2D598C00A8F45D /* CelendarView.swift */,
			);
			path = Views;
			sourceTree = "<group>";
		};
		E74048272C2D597000A8F45D /* ViewModel */ = {
			isa = PBXGroup;
			children = (
				E740482A2C2D657800A8F45D /* CelendarViewModel.swift */,
				E799C0772C2EE55500D0C82A /* Extentions.swift */,
			);
			path = ViewModel;
			sourceTree = "<group>";
		};
		E75293D42C21C697008A95EA /* AddANewContact */ = {
			isa = PBXGroup;
			children = (
				E75293D52C21C6B1008A95EA /* NewContactView.swift */,
			);
			path = AddANewContact;
			sourceTree = "<group>";
		};
		E75630A02C33284600FF421A /* HW9 */ = {
			isa = PBXGroup;
			children = (
				E75630A22C33285F00FF421A /* Views */,
			);
			path = HW9;
			sourceTree = "<group>";
		};
		E75630A22C33285F00FF421A /* Views */ = {
			isa = PBXGroup;
			children = (
				E75630A32C33286F00FF421A /* InfinityScrollView.swift */,
			);
			path = Views;
			sourceTree = "<group>";
		};
		E75630A62C333E0100FF421A /* Extentions */ = {
			isa = PBXGroup;
			children = (
				E75630A72C333E1300FF421A /* Collection+.swift */,
			);
			path = Extentions;
			sourceTree = "<group>";
		};
		E75E22A52C25C31D00CAD8E8 /* HW5 */ = {
			isa = PBXGroup;
			children = (
				E75E22AF2C25E14A00CAD8E8 /* Views */,
				E75E22AE2C25E12D00CAD8E8 /* Classes */,
			);
			path = HW5;
			sourceTree = "<group>";
		};
		E75E22AE2C25E12D00CAD8E8 /* Classes */ = {
			isa = PBXGroup;
			children = (
				E75E22A62C25C33700CAD8E8 /* Bank.swift */,
				E75E22A82C25C71500CAD8E8 /* CientA.swift */,
				E75E22AA2C25C71F00CAD8E8 /* ClientB.swift */,
			);
			path = Classes;
			sourceTree = "<group>";
		};
		E75E22AF2C25E14A00CAD8E8 /* Views */ = {
			isa = PBXGroup;
			children = (
				E75E22AC2C25CD9400CAD8E8 /* BankView.swift */,
			);
			path = Views;
			sourceTree = "<group>";
		};
		E7FA9BF92C247D1D0096E1DD /* Frameworks */ = {
			isa = PBXGroup;
			children = (
				E7FA9BFA2C247D1D0096E1DD /* WidgetKit.framework */,
				E7FA9BFC2C247D1D0096E1DD /* SwiftUI.framework */,
			);
			name = Frameworks;
			sourceTree = "<group>";
		};
		E7FA9BFE2C247D1D0096E1DD /* ContactsWidget */ = {
			isa = PBXGroup;
			children = (
				E7FA9BFF2C247D1D0096E1DD /* ContactsWidgetBundle.swift */,
				E7FA9C012C247D1D0096E1DD /* ContactsWidget.swift */,
				E7FA9C032C247D1E0096E1DD /* Assets.xcassets */,
				E7FA9C052C247D1E0096E1DD /* Info.plist */,
				E7FA9C0C2C247D410096E1DD /* Provider.swift */,
				E7FA9C0F2C247D9A0096E1DD /* SimpleEntry.swift */,
				E7FA9C192C2483180096E1DD /* Views */,
			);
			path = ContactsWidget;
			sourceTree = "<group>";
		};
		E7FA9C192C2483180096E1DD /* Views */ = {
			isa = PBXGroup;
			children = (
				E7FA9C112C247DBD0096E1DD /* ContactsWidgetView.swift */,
				E7FA9C152C2482F30096E1DD /* SmallSizeWidgetView.swift */,
				E7FA9C1F2C2493A00096E1DD /* MediumSizeWidgetView.swift */,
				E7FA9C172C2483040096E1DD /* LargeSizeWidgetView.swift */,
			);
			path = Views;
			sourceTree = "<group>";
		};
/* End PBXGroup section */

/* Begin PBXNativeTarget section */
		E71583492C0FA25B00EADFF7 /* WBMessenger */ = {
			isa = PBXNativeTarget;
			buildConfigurationList = E71583582C0FA25C00EADFF7 /* Build configuration list for PBXNativeTarget "WBMessenger" */;
			buildPhases = (
				E71583462C0FA25B00EADFF7 /* Sources */,
				E71583472C0FA25B00EADFF7 /* Frameworks */,
				E71583482C0FA25B00EADFF7 /* Resources */,
				E75293902C21949D008A95EA /* Embed Foundation Extensions */,
			);
			buildRules = (
			);
			dependencies = (
				E7FA9C072C247D1E0096E1DD /* PBXTargetDependency */,
			);
			name = WBMessenger;
			productName = WBMessenger;
			productReference = E715834A2C0FA25B00EADFF7 /* WBMessenger.app */;
			productType = "com.apple.product-type.application";
		};
		E7FA9BF72C247D1D0096E1DD /* ContactsWidgetExtension */ = {
			isa = PBXNativeTarget;
			buildConfigurationList = E7FA9C092C247D1E0096E1DD /* Build configuration list for PBXNativeTarget "ContactsWidgetExtension" */;
			buildPhases = (
				E7FA9BF42C247D1D0096E1DD /* Sources */,
				E7FA9BF52C247D1D0096E1DD /* Frameworks */,
				E7FA9BF62C247D1D0096E1DD /* Resources */,
			);
			buildRules = (
			);
			dependencies = (
			);
			name = ContactsWidgetExtension;
			productName = ContactsWidgetExtension;
			productReference = E7FA9BF82C247D1D0096E1DD /* ContactsWidgetExtension.appex */;
			productType = "com.apple.product-type.app-extension";
		};
/* End PBXNativeTarget section */

/* Begin PBXProject section */
		E71583422C0FA25B00EADFF7 /* Project object */ = {
			isa = PBXProject;
			attributes = {
				BuildIndependentTargetsInParallel = 1;
				LastSwiftUpdateCheck = 1420;
				LastUpgradeCheck = 1420;
				TargetAttributes = {
					E71583492C0FA25B00EADFF7 = {
						CreatedOnToolsVersion = 14.2;
					};
					E7FA9BF72C247D1D0096E1DD = {
						CreatedOnToolsVersion = 14.2;
					};
				};
			};
			buildConfigurationList = E71583452C0FA25B00EADFF7 /* Build configuration list for PBXProject "WBMessenger" */;
			compatibilityVersion = "Xcode 14.0";
			developmentRegion = en;
			hasScannedForEncodings = 0;
			knownRegions = (
				en,
				Base,
			);
			mainGroup = E71583412C0FA25B00EADFF7;
			productRefGroup = E715834B2C0FA25B00EADFF7 /* Products */;
			projectDirPath = "";
			projectRoot = "";
			targets = (
				E71583492C0FA25B00EADFF7 /* WBMessenger */,
				E7FA9BF72C247D1D0096E1DD /* ContactsWidgetExtension */,
			);
		};
/* End PBXProject section */

/* Begin PBXResourcesBuildPhase section */
		E71583482C0FA25B00EADFF7 /* Resources */ = {
			isa = PBXResourcesBuildPhase;
			buildActionMask = 2147483647;
			files = (
				E71583552C0FA25C00EADFF7 /* Preview Assets.xcassets in Resources */,
				E71583522C0FA25C00EADFF7 /* Assets.xcassets in Resources */,
			);
			runOnlyForDeploymentPostprocessing = 0;
		};
		E7FA9BF62C247D1D0096E1DD /* Resources */ = {
			isa = PBXResourcesBuildPhase;
			buildActionMask = 2147483647;
			files = (
				E7FA9C042C247D1E0096E1DD /* Assets.xcassets in Resources */,
			);
			runOnlyForDeploymentPostprocessing = 0;
		};
/* End PBXResourcesBuildPhase section */

/* Begin PBXSourcesBuildPhase section */
		E71583462C0FA25B00EADFF7 /* Sources */ = {
			isa = PBXSourcesBuildPhase;
			buildActionMask = 2147483647;
			files = (
				E738BC502C21D7D300B6EC83 /* Router.swift in Sources */,
				E71840502C19E90F005246C8 /* DetailsAvatarView.swift in Sources */,
				E71BBCF72C1790B100CA73EB /* ContactsRow.swift in Sources */,
				E71840522C19EA80005246C8 /* SocialNetworkView.swift in Sources */,
				E75E22AB2C25C71F00CAD8E8 /* ClientB.swift in Sources */,
				E718404E2C19CB61005246C8 /* DetailsView.swift in Sources */,
				E768E7102C18883E002177E2 /* WithoutAvatarView.swift in Sources */,
				E71583502C0FA25B00EADFF7 /* ContentView.swift in Sources */,
				E75E22A72C25C33700CAD8E8 /* Bank.swift in Sources */,
				E71583612C0FA75E00EADFF7 /* UserAgreementAndButtonView.swift in Sources */,
				E78557682C245D7300AF6FD9 /* WBMessengerApp.swift in Sources */,
				E718404C2C19CB53005246C8 /* DetailsScreen.swift in Sources */,
				E75E22A92C25C71500CAD8E8 /* CientA.swift in Sources */,
				E75A76242C1B8F66005C05AE /* CustomTabBarView.swift in Sources */,
				E799C0782C2EE55500D0C82A /* Extentions.swift in Sources */,
				E71583642C0FA81E00EADFF7 /* VerificationView.swift in Sources */,
				E75A76262C1B8FE2005C05AE /* TabBarIcons.swift in Sources */,
				E73A59512C3533E900B66082 /* DetailsOfMainScreen.swift in Sources */,
				E73A59542C35359500B66082 /* Profile.swift in Sources */,
				E715835C2C0FA47700EADFF7 /* WalkthroughView.swift in Sources */,
				E72AF0362C2C7A2600D8997F /* Passport.swift in Sources */,
				E72AF0382C2C7A4C00D8997F /* FactoryView.swift in Sources */,
				E715835E2C0FA4AF00EADFF7 /* LightOrDarkImage.swift in Sources */,
				E75E22AD2C25CD9400CAD8E8 /* BankView.swift in Sources */,
				E72AF03A2C2C7D9600D8997F /* StartedWorkView.swift in Sources */,
				E71BBCF52C17902300CA73EB /* ContactsScreen.swift in Sources */,
				E73A594F2C3533D600B66082 /* MainScreen.swift in Sources */,
				E7FA9C1A2C24842B0096E1DD /* SimpleEntry.swift in Sources */,
				E75630A42C33286F00FF421A /* InfinityScrollView.swift in Sources */,
				E75630A82C333E1300FF421A /* Collection+.swift in Sources */,
				E71BBCF92C17954400CA73EB /* AvatarView.swift in Sources */,
				E74048292C2D598C00A8F45D /* CelendarView.swift in Sources */,
				E7FA9C1D2C24880B0096E1DD /* Provider.swift in Sources */,
				E75293D62C21C6B1008A95EA /* NewContactView.swift in Sources */,
				E740482B2C2D657800A8F45D /* CelendarViewModel.swift in Sources */,
				E71BBCFB2C1796D100CA73EB /* ContactsModel.swift in Sources */,
				E72AF0342C2C789F00D8997F /* Person.swift in Sources */,
				E71F0C862C1B38AF00FAFD32 /* ContentViewHW2.swift in Sources */,
			);
			runOnlyForDeploymentPostprocessing = 0;
		};
		E7FA9BF42C247D1D0096E1DD /* Sources */ = {
			isa = PBXSourcesBuildPhase;
			buildActionMask = 2147483647;
			files = (
				E7FA9C202C2493A00096E1DD /* MediumSizeWidgetView.swift in Sources */,
				E7FA9C182C2483040096E1DD /* LargeSizeWidgetView.swift in Sources */,
				E7FA9C162C2482F30096E1DD /* SmallSizeWidgetView.swift in Sources */,
				E7FA9C132C247DD60096E1DD /* ContactsWidgetView.swift in Sources */,
				E7FA9C022C247D1D0096E1DD /* ContactsWidget.swift in Sources */,
				E7FA9C0E2C247D6B0096E1DD /* Provider.swift in Sources */,
				E7FA9C002C247D1D0096E1DD /* ContactsWidgetBundle.swift in Sources */,
				E7FA9C1E2C248D530096E1DD /* ContactsModel.swift in Sources */,
				E7FA9C142C247DD80096E1DD /* SimpleEntry.swift in Sources */,
			);
			runOnlyForDeploymentPostprocessing = 0;
		};
/* End PBXSourcesBuildPhase section */

/* Begin PBXTargetDependency section */
		E7FA9C072C247D1E0096E1DD /* PBXTargetDependency */ = {
			isa = PBXTargetDependency;
			target = E7FA9BF72C247D1D0096E1DD /* ContactsWidgetExtension */;
			targetProxy = E7FA9C062C247D1E0096E1DD /* PBXContainerItemProxy */;
		};
/* End PBXTargetDependency section */

/* Begin XCBuildConfiguration section */
		E71583562C0FA25C00EADFF7 /* Debug */ = {
			isa = XCBuildConfiguration;
			buildSettings = {
				ALWAYS_SEARCH_USER_PATHS = NO;
				CLANG_ANALYZER_NONNULL = YES;
				CLANG_ANALYZER_NUMBER_OBJECT_CONVERSION = YES_AGGRESSIVE;
				CLANG_CXX_LANGUAGE_STANDARD = "gnu++20";
				CLANG_ENABLE_MODULES = YES;
				CLANG_ENABLE_OBJC_ARC = YES;
				CLANG_ENABLE_OBJC_WEAK = YES;
				CLANG_WARN_BLOCK_CAPTURE_AUTORELEASING = YES;
				CLANG_WARN_BOOL_CONVERSION = YES;
				CLANG_WARN_COMMA = YES;
				CLANG_WARN_CONSTANT_CONVERSION = YES;
				CLANG_WARN_DEPRECATED_OBJC_IMPLEMENTATIONS = YES;
				CLANG_WARN_DIRECT_OBJC_ISA_USAGE = YES_ERROR;
				CLANG_WARN_DOCUMENTATION_COMMENTS = YES;
				CLANG_WARN_EMPTY_BODY = YES;
				CLANG_WARN_ENUM_CONVERSION = YES;
				CLANG_WARN_INFINITE_RECURSION = YES;
				CLANG_WARN_INT_CONVERSION = YES;
				CLANG_WARN_NON_LITERAL_NULL_CONVERSION = YES;
				CLANG_WARN_OBJC_IMPLICIT_RETAIN_SELF = YES;
				CLANG_WARN_OBJC_LITERAL_CONVERSION = YES;
				CLANG_WARN_OBJC_ROOT_CLASS = YES_ERROR;
				CLANG_WARN_QUOTED_INCLUDE_IN_FRAMEWORK_HEADER = YES;
				CLANG_WARN_RANGE_LOOP_ANALYSIS = YES;
				CLANG_WARN_STRICT_PROTOTYPES = YES;
				CLANG_WARN_SUSPICIOUS_MOVE = YES;
				CLANG_WARN_UNGUARDED_AVAILABILITY = YES_AGGRESSIVE;
				CLANG_WARN_UNREACHABLE_CODE = YES;
				CLANG_WARN__DUPLICATE_METHOD_MATCH = YES;
				COPY_PHASE_STRIP = NO;
				DEBUG_INFORMATION_FORMAT = dwarf;
				ENABLE_STRICT_OBJC_MSGSEND = YES;
				ENABLE_TESTABILITY = YES;
				GCC_C_LANGUAGE_STANDARD = gnu11;
				GCC_DYNAMIC_NO_PIC = NO;
				GCC_NO_COMMON_BLOCKS = YES;
				GCC_OPTIMIZATION_LEVEL = 0;
				GCC_PREPROCESSOR_DEFINITIONS = (
					"DEBUG=1",
					"$(inherited)",
				);
				GCC_WARN_64_TO_32_BIT_CONVERSION = YES;
				GCC_WARN_ABOUT_RETURN_TYPE = YES_ERROR;
				GCC_WARN_UNDECLARED_SELECTOR = YES;
				GCC_WARN_UNINITIALIZED_AUTOS = YES_AGGRESSIVE;
				GCC_WARN_UNUSED_FUNCTION = YES;
				GCC_WARN_UNUSED_VARIABLE = YES;
				IPHONEOS_DEPLOYMENT_TARGET = 16.2;
				MTL_ENABLE_DEBUG_INFO = INCLUDE_SOURCE;
				MTL_FAST_MATH = YES;
				ONLY_ACTIVE_ARCH = YES;
				SDKROOT = iphoneos;
				SWIFT_ACTIVE_COMPILATION_CONDITIONS = DEBUG;
				SWIFT_OPTIMIZATION_LEVEL = "-Onone";
			};
			name = Debug;
		};
		E71583572C0FA25C00EADFF7 /* Release */ = {
			isa = XCBuildConfiguration;
			buildSettings = {
				ALWAYS_SEARCH_USER_PATHS = NO;
				CLANG_ANALYZER_NONNULL = YES;
				CLANG_ANALYZER_NUMBER_OBJECT_CONVERSION = YES_AGGRESSIVE;
				CLANG_CXX_LANGUAGE_STANDARD = "gnu++20";
				CLANG_ENABLE_MODULES = YES;
				CLANG_ENABLE_OBJC_ARC = YES;
				CLANG_ENABLE_OBJC_WEAK = YES;
				CLANG_WARN_BLOCK_CAPTURE_AUTORELEASING = YES;
				CLANG_WARN_BOOL_CONVERSION = YES;
				CLANG_WARN_COMMA = YES;
				CLANG_WARN_CONSTANT_CONVERSION = YES;
				CLANG_WARN_DEPRECATED_OBJC_IMPLEMENTATIONS = YES;
				CLANG_WARN_DIRECT_OBJC_ISA_USAGE = YES_ERROR;
				CLANG_WARN_DOCUMENTATION_COMMENTS = YES;
				CLANG_WARN_EMPTY_BODY = YES;
				CLANG_WARN_ENUM_CONVERSION = YES;
				CLANG_WARN_INFINITE_RECURSION = YES;
				CLANG_WARN_INT_CONVERSION = YES;
				CLANG_WARN_NON_LITERAL_NULL_CONVERSION = YES;
				CLANG_WARN_OBJC_IMPLICIT_RETAIN_SELF = YES;
				CLANG_WARN_OBJC_LITERAL_CONVERSION = YES;
				CLANG_WARN_OBJC_ROOT_CLASS = YES_ERROR;
				CLANG_WARN_QUOTED_INCLUDE_IN_FRAMEWORK_HEADER = YES;
				CLANG_WARN_RANGE_LOOP_ANALYSIS = YES;
				CLANG_WARN_STRICT_PROTOTYPES = YES;
				CLANG_WARN_SUSPICIOUS_MOVE = YES;
				CLANG_WARN_UNGUARDED_AVAILABILITY = YES_AGGRESSIVE;
				CLANG_WARN_UNREACHABLE_CODE = YES;
				CLANG_WARN__DUPLICATE_METHOD_MATCH = YES;
				COPY_PHASE_STRIP = NO;
				DEBUG_INFORMATION_FORMAT = "dwarf-with-dsym";
				ENABLE_NS_ASSERTIONS = NO;
				ENABLE_STRICT_OBJC_MSGSEND = YES;
				GCC_C_LANGUAGE_STANDARD = gnu11;
				GCC_NO_COMMON_BLOCKS = YES;
				GCC_WARN_64_TO_32_BIT_CONVERSION = YES;
				GCC_WARN_ABOUT_RETURN_TYPE = YES_ERROR;
				GCC_WARN_UNDECLARED_SELECTOR = YES;
				GCC_WARN_UNINITIALIZED_AUTOS = YES_AGGRESSIVE;
				GCC_WARN_UNUSED_FUNCTION = YES;
				GCC_WARN_UNUSED_VARIABLE = YES;
				IPHONEOS_DEPLOYMENT_TARGET = 16.2;
				MTL_ENABLE_DEBUG_INFO = NO;
				MTL_FAST_MATH = YES;
				ONLY_ACTIVE_ARCH = NO;
				SDKROOT = iphoneos;
				SWIFT_COMPILATION_MODE = wholemodule;
				SWIFT_OPTIMIZATION_LEVEL = "-O";
				VALIDATE_PRODUCT = YES;
			};
			name = Release;
		};
		E71583592C0FA25C00EADFF7 /* Debug */ = {
			isa = XCBuildConfiguration;
			buildSettings = {
				ALWAYS_EMBED_SWIFT_STANDARD_LIBRARIES = YES;
				ASSETCATALOG_COMPILER_APPICON_NAME = AppIcon;
				ASSETCATALOG_COMPILER_GLOBAL_ACCENT_COLOR_NAME = AccentColor;
				CODE_SIGN_ENTITLEMENTS = WBMessenger/WBMessenger.entitlements;
				CODE_SIGN_IDENTITY = "Apple Development";
				CODE_SIGN_STYLE = Automatic;
				CURRENT_PROJECT_VERSION = 1;
				DEVELOPMENT_ASSET_PATHS = "\"WBMessenger/Preview Content\"";
				DEVELOPMENT_TEAM = MTSDTCJH7U;
				ENABLE_PREVIEWS = YES;
				GENERATE_INFOPLIST_FILE = YES;
				INFOPLIST_KEY_UIApplicationSceneManifest_Generation = YES;
				INFOPLIST_KEY_UIApplicationSupportsIndirectInputEvents = YES;
				INFOPLIST_KEY_UILaunchScreen_Generation = YES;
				INFOPLIST_KEY_UISupportedInterfaceOrientations_iPad = "UIInterfaceOrientationPortrait UIInterfaceOrientationPortraitUpsideDown UIInterfaceOrientationLandscapeLeft UIInterfaceOrientationLandscapeRight";
				INFOPLIST_KEY_UISupportedInterfaceOrientations_iPhone = "UIInterfaceOrientationPortrait UIInterfaceOrientationLandscapeLeft UIInterfaceOrientationLandscapeRight";
				IPHONEOS_DEPLOYMENT_TARGET = 16.2;
				LD_RUNPATH_SEARCH_PATHS = (
					"$(inherited)",
					"@executable_path/Frameworks",
				);
				MARKETING_VERSION = 1.0;
				PRODUCT_BUNDLE_IDENTIFIER = "-2121.WBMessenger";
				PRODUCT_NAME = "$(TARGET_NAME)";
				PROVISIONING_PROFILE_SPECIFIER = "";
				SUPPORTED_PLATFORMS = "iphoneos iphonesimulator";
				SUPPORTS_MACCATALYST = NO;
				SUPPORTS_MAC_DESIGNED_FOR_IPHONE_IPAD = NO;
				SWIFT_EMIT_LOC_STRINGS = YES;
				SWIFT_VERSION = 5.0;
				TARGETED_DEVICE_FAMILY = "1,2";
			};
			name = Debug;
		};
		E715835A2C0FA25C00EADFF7 /* Release */ = {
			isa = XCBuildConfiguration;
			buildSettings = {
				ALWAYS_EMBED_SWIFT_STANDARD_LIBRARIES = YES;
				ASSETCATALOG_COMPILER_APPICON_NAME = AppIcon;
				ASSETCATALOG_COMPILER_GLOBAL_ACCENT_COLOR_NAME = AccentColor;
				CODE_SIGN_ENTITLEMENTS = WBMessenger/WBMessenger.entitlements;
				CODE_SIGN_IDENTITY = "Apple Development";
				CODE_SIGN_STYLE = Automatic;
				CURRENT_PROJECT_VERSION = 1;
				DEVELOPMENT_ASSET_PATHS = "\"WBMessenger/Preview Content\"";
				DEVELOPMENT_TEAM = MTSDTCJH7U;
				ENABLE_PREVIEWS = YES;
				GENERATE_INFOPLIST_FILE = YES;
				INFOPLIST_KEY_UIApplicationSceneManifest_Generation = YES;
				INFOPLIST_KEY_UIApplicationSupportsIndirectInputEvents = YES;
				INFOPLIST_KEY_UILaunchScreen_Generation = YES;
				INFOPLIST_KEY_UISupportedInterfaceOrientations_iPad = "UIInterfaceOrientationPortrait UIInterfaceOrientationPortraitUpsideDown UIInterfaceOrientationLandscapeLeft UIInterfaceOrientationLandscapeRight";
				INFOPLIST_KEY_UISupportedInterfaceOrientations_iPhone = "UIInterfaceOrientationPortrait UIInterfaceOrientationLandscapeLeft UIInterfaceOrientationLandscapeRight";
				IPHONEOS_DEPLOYMENT_TARGET = 16.2;
				LD_RUNPATH_SEARCH_PATHS = (
					"$(inherited)",
					"@executable_path/Frameworks",
				);
				MARKETING_VERSION = 1.0;
				PRODUCT_BUNDLE_IDENTIFIER = "-2121.WBMessenger";
				PRODUCT_NAME = "$(TARGET_NAME)";
				PROVISIONING_PROFILE_SPECIFIER = "";
				SUPPORTED_PLATFORMS = "iphoneos iphonesimulator";
				SUPPORTS_MACCATALYST = NO;
				SUPPORTS_MAC_DESIGNED_FOR_IPHONE_IPAD = NO;
				SWIFT_EMIT_LOC_STRINGS = YES;
				SWIFT_VERSION = 5.0;
				TARGETED_DEVICE_FAMILY = "1,2";
			};
			name = Release;
		};
		E7FA9C0A2C247D1E0096E1DD /* Debug */ = {
			isa = XCBuildConfiguration;
			buildSettings = {
				ASSETCATALOG_COMPILER_GLOBAL_ACCENT_COLOR_NAME = AccentColor;
				ASSETCATALOG_COMPILER_WIDGET_BACKGROUND_COLOR_NAME = WidgetBackground;
				CODE_SIGN_IDENTITY = "Apple Development";
				CODE_SIGN_STYLE = Automatic;
				CURRENT_PROJECT_VERSION = 1;
				DEVELOPMENT_TEAM = MTSDTCJH7U;
				GENERATE_INFOPLIST_FILE = YES;
				INFOPLIST_FILE = ContactsWidget/Info.plist;
				INFOPLIST_KEY_CFBundleDisplayName = ContactsWidget;
				INFOPLIST_KEY_NSHumanReadableCopyright = "";
				LD_RUNPATH_SEARCH_PATHS = (
					"$(inherited)",
					"@executable_path/Frameworks",
					"@executable_path/../../Frameworks",
				);
				MARKETING_VERSION = 1.0;
				PRODUCT_BUNDLE_IDENTIFIER = "-2121.WBMessenger.ContactsWidget";
				PRODUCT_NAME = "$(TARGET_NAME)";
				SKIP_INSTALL = YES;
				SWIFT_EMIT_LOC_STRINGS = YES;
				SWIFT_VERSION = 5.0;
				TARGETED_DEVICE_FAMILY = "1,2";
			};
			name = Debug;
		};
		E7FA9C0B2C247D1E0096E1DD /* Release */ = {
			isa = XCBuildConfiguration;
			buildSettings = {
				ASSETCATALOG_COMPILER_GLOBAL_ACCENT_COLOR_NAME = AccentColor;
				ASSETCATALOG_COMPILER_WIDGET_BACKGROUND_COLOR_NAME = WidgetBackground;
				CODE_SIGN_IDENTITY = "Apple Development";
				CODE_SIGN_STYLE = Automatic;
				CURRENT_PROJECT_VERSION = 1;
				DEVELOPMENT_TEAM = MTSDTCJH7U;
				GENERATE_INFOPLIST_FILE = YES;
				INFOPLIST_FILE = ContactsWidget/Info.plist;
				INFOPLIST_KEY_CFBundleDisplayName = ContactsWidget;
				INFOPLIST_KEY_NSHumanReadableCopyright = "";
				LD_RUNPATH_SEARCH_PATHS = (
					"$(inherited)",
					"@executable_path/Frameworks",
					"@executable_path/../../Frameworks",
				);
				MARKETING_VERSION = 1.0;
				PRODUCT_BUNDLE_IDENTIFIER = "-2121.WBMessenger.ContactsWidget";
				PRODUCT_NAME = "$(TARGET_NAME)";
				SKIP_INSTALL = YES;
				SWIFT_EMIT_LOC_STRINGS = YES;
				SWIFT_VERSION = 5.0;
				TARGETED_DEVICE_FAMILY = "1,2";
			};
			name = Release;
		};
/* End XCBuildConfiguration section */

/* Begin XCConfigurationList section */
		E71583452C0FA25B00EADFF7 /* Build configuration list for PBXProject "WBMessenger" */ = {
			isa = XCConfigurationList;
			buildConfigurations = (
				E71583562C0FA25C00EADFF7 /* Debug */,
				E71583572C0FA25C00EADFF7 /* Release */,
			);
			defaultConfigurationIsVisible = 0;
			defaultConfigurationName = Release;
		};
		E71583582C0FA25C00EADFF7 /* Build configuration list for PBXNativeTarget "WBMessenger" */ = {
			isa = XCConfigurationList;
			buildConfigurations = (
				E71583592C0FA25C00EADFF7 /* Debug */,
				E715835A2C0FA25C00EADFF7 /* Release */,
			);
			defaultConfigurationIsVisible = 0;
			defaultConfigurationName = Release;
		};
		E7FA9C092C247D1E0096E1DD /* Build configuration list for PBXNativeTarget "ContactsWidgetExtension" */ = {
			isa = XCConfigurationList;
			buildConfigurations = (
				E7FA9C0A2C247D1E0096E1DD /* Debug */,
				E7FA9C0B2C247D1E0096E1DD /* Release */,
			);
			defaultConfigurationIsVisible = 0;
			defaultConfigurationName = Release;
		};
/* End XCConfigurationList section */
	};
	rootObject = E71583422C0FA25B00EADFF7 /* Project object */;
}
