// !$*UTF8*$!
{
	archiveVersion = 1;
	classes = {
	};
	objectVersion = 56;
	objects = {

/* Begin PBXBuildFile section */
		E715834E2C0FA25B00EADFF7 /* WBMessengerApp.swift in Sources */ = {isa = PBXBuildFile; fileRef = E715834D2C0FA25B00EADFF7 /* WBMessengerApp.swift */; };
		E71583502C0FA25B00EADFF7 /* ContentView.swift in Sources */ = {isa = PBXBuildFile; fileRef = E715834F2C0FA25B00EADFF7 /* ContentView.swift */; };
		E71583522C0FA25C00EADFF7 /* Assets.xcassets in Resources */ = {isa = PBXBuildFile; fileRef = E71583512C0FA25C00EADFF7 /* Assets.xcassets */; };
		E71583552C0FA25C00EADFF7 /* Preview Assets.xcassets in Resources */ = {isa = PBXBuildFile; fileRef = E71583542C0FA25C00EADFF7 /* Preview Assets.xcassets */; };
		E715835C2C0FA47700EADFF7 /* WalkthroughView.swift in Sources */ = {isa = PBXBuildFile; fileRef = E715835B2C0FA47700EADFF7 /* WalkthroughView.swift */; };
		E715835E2C0FA4AF00EADFF7 /* LightOrDarkImage.swift in Sources */ = {isa = PBXBuildFile; fileRef = E715835D2C0FA4AF00EADFF7 /* LightOrDarkImage.swift */; };
		E71583612C0FA75E00EADFF7 /* UserAgreementAndButtonView.swift in Sources */ = {isa = PBXBuildFile; fileRef = E71583602C0FA75E00EADFF7 /* UserAgreementAndButtonView.swift */; };
		E71583642C0FA81E00EADFF7 /* VerificationView.swift in Sources */ = {isa = PBXBuildFile; fileRef = E71583632C0FA81E00EADFF7 /* VerificationView.swift */; };
		E71BBCF22C17677E00CA73EB /* TabBarView.swift in Sources */ = {isa = PBXBuildFile; fileRef = E71BBCF12C17677E00CA73EB /* TabBarView.swift */; };
		E71BBCF52C17902300CA73EB /* ContactsScreen.swift in Sources */ = {isa = PBXBuildFile; fileRef = E71BBCF42C17902300CA73EB /* ContactsScreen.swift */; };
		E71BBCF72C1790B100CA73EB /* ContactsRow.swift in Sources */ = {isa = PBXBuildFile; fileRef = E71BBCF62C1790B100CA73EB /* ContactsRow.swift */; };
		E71BBCF92C17954400CA73EB /* PersonWithoutAvatarView.swift in Sources */ = {isa = PBXBuildFile; fileRef = E71BBCF82C17954400CA73EB /* PersonWithoutAvatarView.swift */; };
		E71BBCFB2C1796D100CA73EB /* ContactsModel.swift in Sources */ = {isa = PBXBuildFile; fileRef = E71BBCFA2C1796D100CA73EB /* ContactsModel.swift */; };
/* End PBXBuildFile section */

/* Begin PBXFileReference section */
		E715834A2C0FA25B00EADFF7 /* WBMessenger.app */ = {isa = PBXFileReference; explicitFileType = wrapper.application; includeInIndex = 0; path = WBMessenger.app; sourceTree = BUILT_PRODUCTS_DIR; };
		E715834D2C0FA25B00EADFF7 /* WBMessengerApp.swift */ = {isa = PBXFileReference; lastKnownFileType = sourcecode.swift; path = WBMessengerApp.swift; sourceTree = "<group>"; };
		E715834F2C0FA25B00EADFF7 /* ContentView.swift */ = {isa = PBXFileReference; lastKnownFileType = sourcecode.swift; path = ContentView.swift; sourceTree = "<group>"; };
		E71583512C0FA25C00EADFF7 /* Assets.xcassets */ = {isa = PBXFileReference; lastKnownFileType = folder.assetcatalog; path = Assets.xcassets; sourceTree = "<group>"; };
		E71583542C0FA25C00EADFF7 /* Preview Assets.xcassets */ = {isa = PBXFileReference; lastKnownFileType = folder.assetcatalog; path = "Preview Assets.xcassets"; sourceTree = "<group>"; };
		E715835B2C0FA47700EADFF7 /* WalkthroughView.swift */ = {isa = PBXFileReference; lastKnownFileType = sourcecode.swift; path = WalkthroughView.swift; sourceTree = "<group>"; };
		E715835D2C0FA4AF00EADFF7 /* LightOrDarkImage.swift */ = {isa = PBXFileReference; lastKnownFileType = sourcecode.swift; path = LightOrDarkImage.swift; sourceTree = "<group>"; };
		E71583602C0FA75E00EADFF7 /* UserAgreementAndButtonView.swift */ = {isa = PBXFileReference; lastKnownFileType = sourcecode.swift; path = UserAgreementAndButtonView.swift; sourceTree = "<group>"; };
		E71583632C0FA81E00EADFF7 /* VerificationView.swift */ = {isa = PBXFileReference; lastKnownFileType = sourcecode.swift; path = VerificationView.swift; sourceTree = "<group>"; };
		E71BBCF12C17677E00CA73EB /* TabBarView.swift */ = {isa = PBXFileReference; lastKnownFileType = sourcecode.swift; path = TabBarView.swift; sourceTree = "<group>"; };
		E71BBCF42C17902300CA73EB /* ContactsScreen.swift */ = {isa = PBXFileReference; lastKnownFileType = sourcecode.swift; path = ContactsScreen.swift; sourceTree = "<group>"; };
		E71BBCF62C1790B100CA73EB /* ContactsRow.swift */ = {isa = PBXFileReference; lastKnownFileType = sourcecode.swift; path = ContactsRow.swift; sourceTree = "<group>"; };
		E71BBCF82C17954400CA73EB /* PersonWithoutAvatarView.swift */ = {isa = PBXFileReference; lastKnownFileType = sourcecode.swift; path = PersonWithoutAvatarView.swift; sourceTree = "<group>"; };
		E71BBCFA2C1796D100CA73EB /* ContactsModel.swift */ = {isa = PBXFileReference; lastKnownFileType = sourcecode.swift; path = ContactsModel.swift; sourceTree = "<group>"; };
/* End PBXFileReference section */

/* Begin PBXFrameworksBuildPhase section */
		E71583472C0FA25B00EADFF7 /* Frameworks */ = {
			isa = PBXFrameworksBuildPhase;
			buildActionMask = 2147483647;
			files = (
			);
			runOnlyForDeploymentPostprocessing = 0;
		};
/* End PBXFrameworksBuildPhase section */

/* Begin PBXGroup section */
		E71583412C0FA25B00EADFF7 = {
			isa = PBXGroup;
			children = (
				E715834C2C0FA25B00EADFF7 /* WBMessenger */,
				E715834B2C0FA25B00EADFF7 /* Products */,
			);
			sourceTree = "<group>";
		};
		E715834B2C0FA25B00EADFF7 /* Products */ = {
			isa = PBXGroup;
			children = (
				E715834A2C0FA25B00EADFF7 /* WBMessenger.app */,
			);
			name = Products;
			sourceTree = "<group>";
		};
		E715834C2C0FA25B00EADFF7 /* WBMessenger */ = {
			isa = PBXGroup;
			children = (
				E715834D2C0FA25B00EADFF7 /* WBMessengerApp.swift */,
				E715834F2C0FA25B00EADFF7 /* ContentView.swift */,
				E71BBCEF2C1766FF00CA73EB /* HW2 */,
				E71BBCEE2C1766D200CA73EB /* HW1 */,
				E71583512C0FA25C00EADFF7 /* Assets.xcassets */,
				E71583532C0FA25C00EADFF7 /* Preview Content */,
			);
			path = WBMessenger;
			sourceTree = "<group>";
		};
		E71583532C0FA25C00EADFF7 /* Preview Content */ = {
			isa = PBXGroup;
			children = (
				E71583542C0FA25C00EADFF7 /* Preview Assets.xcassets */,
			);
			path = "Preview Content";
			sourceTree = "<group>";
		};
		E715835F2C0FA4BB00EADFF7 /* Walkthrough */ = {
			isa = PBXGroup;
			children = (
				E715835B2C0FA47700EADFF7 /* WalkthroughView.swift */,
				E715835D2C0FA4AF00EADFF7 /* LightOrDarkImage.swift */,
				E71583602C0FA75E00EADFF7 /* UserAgreementAndButtonView.swift */,
			);
			path = Walkthrough;
			sourceTree = "<group>";
		};
		E71583622C0FA7DA00EADFF7 /* Verification */ = {
			isa = PBXGroup;
			children = (
				E71583632C0FA81E00EADFF7 /* VerificationView.swift */,
			);
			path = Verification;
			sourceTree = "<group>";
		};
		E71BBCEE2C1766D200CA73EB /* HW1 */ = {
			isa = PBXGroup;
			children = (
				E71583622C0FA7DA00EADFF7 /* Verification */,
				E715835F2C0FA4BB00EADFF7 /* Walkthrough */,
			);
			path = HW1;
			sourceTree = "<group>";
		};
		E71BBCEF2C1766FF00CA73EB /* HW2 */ = {
			isa = PBXGroup;
			children = (
				E71BBCF32C17900500CA73EB /* Contacts */,
				E71BBCF02C17676B00CA73EB /* CustomTabBar */,
			);
			path = HW2;
			sourceTree = "<group>";
		};
		E71BBCF02C17676B00CA73EB /* CustomTabBar */ = {
			isa = PBXGroup;
			children = (
				E71BBCF12C17677E00CA73EB /* TabBarView.swift */,
			);
			path = CustomTabBar;
			sourceTree = "<group>";
		};
		E71BBCF32C17900500CA73EB /* Contacts */ = {
			isa = PBXGroup;
			children = (
				E71BBCF42C17902300CA73EB /* ContactsScreen.swift */,
				E71BBCFD2C1796EE00CA73EB /* Views */,
				E71BBCFC2C1796E400CA73EB /* Model */,
			);
			path = Contacts;
			sourceTree = "<group>";
		};
		E71BBCFC2C1796E400CA73EB /* Model */ = {
			isa = PBXGroup;
			children = (
				E71BBCFA2C1796D100CA73EB /* ContactsModel.swift */,
			);
			path = Model;
			sourceTree = "<group>";
		};
		E71BBCFD2C1796EE00CA73EB /* Views */ = {
			isa = PBXGroup;
			children = (
				E71BBCF62C1790B100CA73EB /* ContactsRow.swift */,
				E71BBCF82C17954400CA73EB /* PersonWithoutAvatarView.swift */,
			);
			path = Views;
			sourceTree = "<group>";
		};
/* End PBXGroup section */

/* Begin PBXNativeTarget section */
		E71583492C0FA25B00EADFF7 /* WBMessenger */ = {
			isa = PBXNativeTarget;
			buildConfigurationList = E71583582C0FA25C00EADFF7 /* Build configuration list for PBXNativeTarget "WBMessenger" */;
			buildPhases = (
				E71583462C0FA25B00EADFF7 /* Sources */,
				E71583472C0FA25B00EADFF7 /* Frameworks */,
				E71583482C0FA25B00EADFF7 /* Resources */,
			);
			buildRules = (
			);
			dependencies = (
			);
			name = WBMessenger;
			productName = WBMessenger;
			productReference = E715834A2C0FA25B00EADFF7 /* WBMessenger.app */;
			productType = "com.apple.product-type.application";
		};
/* End PBXNativeTarget section */

/* Begin PBXProject section */
		E71583422C0FA25B00EADFF7 /* Project object */ = {
			isa = PBXProject;
			attributes = {
				BuildIndependentTargetsInParallel = 1;
				LastSwiftUpdateCheck = 1420;
				LastUpgradeCheck = 1420;
				TargetAttributes = {
					E71583492C0FA25B00EADFF7 = {
						CreatedOnToolsVersion = 14.2;
					};
				};
			};
			buildConfigurationList = E71583452C0FA25B00EADFF7 /* Build configuration list for PBXProject "WBMessenger" */;
			compatibilityVersion = "Xcode 14.0";
			developmentRegion = en;
			hasScannedForEncodings = 0;
			knownRegions = (
				en,
				Base,
			);
			mainGroup = E71583412C0FA25B00EADFF7;
			productRefGroup = E715834B2C0FA25B00EADFF7 /* Products */;
			projectDirPath = "";
			projectRoot = "";
			targets = (
				E71583492C0FA25B00EADFF7 /* WBMessenger */,
			);
		};
/* End PBXProject section */

/* Begin PBXResourcesBuildPhase section */
		E71583482C0FA25B00EADFF7 /* Resources */ = {
			isa = PBXResourcesBuildPhase;
			buildActionMask = 2147483647;
			files = (
				E71583552C0FA25C00EADFF7 /* Preview Assets.xcassets in Resources */,
				E71583522C0FA25C00EADFF7 /* Assets.xcassets in Resources */,
			);
			runOnlyForDeploymentPostprocessing = 0;
		};
/* End PBXResourcesBuildPhase section */

/* Begin PBXSourcesBuildPhase section */
		E71583462C0FA25B00EADFF7 /* Sources */ = {
			isa = PBXSourcesBuildPhase;
			buildActionMask = 2147483647;
			files = (
				E71BBCF72C1790B100CA73EB /* ContactsRow.swift in Sources */,
				E71583502C0FA25B00EADFF7 /* ContentView.swift in Sources */,
				E71583612C0FA75E00EADFF7 /* UserAgreementAndButtonView.swift in Sources */,
				E71BBCF22C17677E00CA73EB /* TabBarView.swift in Sources */,
				E715834E2C0FA25B00EADFF7 /* WBMessengerApp.swift in Sources */,
				E71583642C0FA81E00EADFF7 /* VerificationView.swift in Sources */,
				E715835C2C0FA47700EADFF7 /* WalkthroughView.swift in Sources */,
				E715835E2C0FA4AF00EADFF7 /* LightOrDarkImage.swift in Sources */,
				E71BBCF52C17902300CA73EB /* ContactsScreen.swift in Sources */,
				E71BBCF92C17954400CA73EB /* PersonWithoutAvatarView.swift in Sources */,
				E71BBCFB2C1796D100CA73EB /* ContactsModel.swift in Sources */,
			);
			runOnlyForDeploymentPostprocessing = 0;
		};
/* End PBXSourcesBuildPhase section */

/* Begin XCBuildConfiguration section */
		E71583562C0FA25C00EADFF7 /* Debug */ = {
			isa = XCBuildConfiguration;
			buildSettings = {
				ALWAYS_SEARCH_USER_PATHS = NO;
				CLANG_ANALYZER_NONNULL = YES;
				CLANG_ANALYZER_NUMBER_OBJECT_CONVERSION = YES_AGGRESSIVE;
				CLANG_CXX_LANGUAGE_STANDARD = "gnu++20";
				CLANG_ENABLE_MODULES = YES;
				CLANG_ENABLE_OBJC_ARC = YES;
				CLANG_ENABLE_OBJC_WEAK = YES;
				CLANG_WARN_BLOCK_CAPTURE_AUTORELEASING = YES;
				CLANG_WARN_BOOL_CONVERSION = YES;
				CLANG_WARN_COMMA = YES;
				CLANG_WARN_CONSTANT_CONVERSION = YES;
				CLANG_WARN_DEPRECATED_OBJC_IMPLEMENTATIONS = YES;
				CLANG_WARN_DIRECT_OBJC_ISA_USAGE = YES_ERROR;
				CLANG_WARN_DOCUMENTATION_COMMENTS = YES;
				CLANG_WARN_EMPTY_BODY = YES;
				CLANG_WARN_ENUM_CONVERSION = YES;
				CLANG_WARN_INFINITE_RECURSION = YES;
				CLANG_WARN_INT_CONVERSION = YES;
				CLANG_WARN_NON_LITERAL_NULL_CONVERSION = YES;
				CLANG_WARN_OBJC_IMPLICIT_RETAIN_SELF = YES;
				CLANG_WARN_OBJC_LITERAL_CONVERSION = YES;
				CLANG_WARN_OBJC_ROOT_CLASS = YES_ERROR;
				CLANG_WARN_QUOTED_INCLUDE_IN_FRAMEWORK_HEADER = YES;
				CLANG_WARN_RANGE_LOOP_ANALYSIS = YES;
				CLANG_WARN_STRICT_PROTOTYPES = YES;
				CLANG_WARN_SUSPICIOUS_MOVE = YES;
				CLANG_WARN_UNGUARDED_AVAILABILITY = YES_AGGRESSIVE;
				CLANG_WARN_UNREACHABLE_CODE = YES;
				CLANG_WARN__DUPLICATE_METHOD_MATCH = YES;
				COPY_PHASE_STRIP = NO;
				DEBUG_INFORMATION_FORMAT = dwarf;
				ENABLE_STRICT_OBJC_MSGSEND = YES;
				ENABLE_TESTABILITY = YES;
				GCC_C_LANGUAGE_STANDARD = gnu11;
				GCC_DYNAMIC_NO_PIC = NO;
				GCC_NO_COMMON_BLOCKS = YES;
				GCC_OPTIMIZATION_LEVEL = 0;
				GCC_PREPROCESSOR_DEFINITIONS = (
					"DEBUG=1",
					"$(inherited)",
				);
				GCC_WARN_64_TO_32_BIT_CONVERSION = YES;
				GCC_WARN_ABOUT_RETURN_TYPE = YES_ERROR;
				GCC_WARN_UNDECLARED_SELECTOR = YES;
				GCC_WARN_UNINITIALIZED_AUTOS = YES_AGGRESSIVE;
				GCC_WARN_UNUSED_FUNCTION = YES;
				GCC_WARN_UNUSED_VARIABLE = YES;
				IPHONEOS_DEPLOYMENT_TARGET = 16.2;
				MTL_ENABLE_DEBUG_INFO = INCLUDE_SOURCE;
				MTL_FAST_MATH = YES;
				ONLY_ACTIVE_ARCH = YES;
				SDKROOT = iphoneos;
				SWIFT_ACTIVE_COMPILATION_CONDITIONS = DEBUG;
				SWIFT_OPTIMIZATION_LEVEL = "-Onone";
			};
			name = Debug;
		};
		E71583572C0FA25C00EADFF7 /* Release */ = {
			isa = XCBuildConfiguration;
			buildSettings = {
				ALWAYS_SEARCH_USER_PATHS = NO;
				CLANG_ANALYZER_NONNULL = YES;
				CLANG_ANALYZER_NUMBER_OBJECT_CONVERSION = YES_AGGRESSIVE;
				CLANG_CXX_LANGUAGE_STANDARD = "gnu++20";
				CLANG_ENABLE_MODULES = YES;
				CLANG_ENABLE_OBJC_ARC = YES;
				CLANG_ENABLE_OBJC_WEAK = YES;
				CLANG_WARN_BLOCK_CAPTURE_AUTORELEASING = YES;
				CLANG_WARN_BOOL_CONVERSION = YES;
				CLANG_WARN_COMMA = YES;
				CLANG_WARN_CONSTANT_CONVERSION = YES;
				CLANG_WARN_DEPRECATED_OBJC_IMPLEMENTATIONS = YES;
				CLANG_WARN_DIRECT_OBJC_ISA_USAGE = YES_ERROR;
				CLANG_WARN_DOCUMENTATION_COMMENTS = YES;
				CLANG_WARN_EMPTY_BODY = YES;
				CLANG_WARN_ENUM_CONVERSION = YES;
				CLANG_WARN_INFINITE_RECURSION = YES;
				CLANG_WARN_INT_CONVERSION = YES;
				CLANG_WARN_NON_LITERAL_NULL_CONVERSION = YES;
				CLANG_WARN_OBJC_IMPLICIT_RETAIN_SELF = YES;
				CLANG_WARN_OBJC_LITERAL_CONVERSION = YES;
				CLANG_WARN_OBJC_ROOT_CLASS = YES_ERROR;
				CLANG_WARN_QUOTED_INCLUDE_IN_FRAMEWORK_HEADER = YES;
				CLANG_WARN_RANGE_LOOP_ANALYSIS = YES;
				CLANG_WARN_STRICT_PROTOTYPES = YES;
				CLANG_WARN_SUSPICIOUS_MOVE = YES;
				CLANG_WARN_UNGUARDED_AVAILABILITY = YES_AGGRESSIVE;
				CLANG_WARN_UNREACHABLE_CODE = YES;
				CLANG_WARN__DUPLICATE_METHOD_MATCH = YES;
				COPY_PHASE_STRIP = NO;
				DEBUG_INFORMATION_FORMAT = "dwarf-with-dsym";
				ENABLE_NS_ASSERTIONS = NO;
				ENABLE_STRICT_OBJC_MSGSEND = YES;
				GCC_C_LANGUAGE_STANDARD = gnu11;
				GCC_NO_COMMON_BLOCKS = YES;
				GCC_WARN_64_TO_32_BIT_CONVERSION = YES;
				GCC_WARN_ABOUT_RETURN_TYPE = YES_ERROR;
				GCC_WARN_UNDECLARED_SELECTOR = YES;
				GCC_WARN_UNINITIALIZED_AUTOS = YES_AGGRESSIVE;
				GCC_WARN_UNUSED_FUNCTION = YES;
				GCC_WARN_UNUSED_VARIABLE = YES;
				IPHONEOS_DEPLOYMENT_TARGET = 16.2;
				MTL_ENABLE_DEBUG_INFO = NO;
				MTL_FAST_MATH = YES;
				SDKROOT = iphoneos;
				SWIFT_COMPILATION_MODE = wholemodule;
				SWIFT_OPTIMIZATION_LEVEL = "-O";
				VALIDATE_PRODUCT = YES;
			};
			name = Release;
		};
		E71583592C0FA25C00EADFF7 /* Debug */ = {
			isa = XCBuildConfiguration;
			buildSettings = {
				ASSETCATALOG_COMPILER_APPICON_NAME = AppIcon;
				ASSETCATALOG_COMPILER_GLOBAL_ACCENT_COLOR_NAME = AccentColor;
				CODE_SIGN_STYLE = Automatic;
				CURRENT_PROJECT_VERSION = 1;
				DEVELOPMENT_ASSET_PATHS = "\"WBMessenger/Preview Content\"";
				ENABLE_PREVIEWS = YES;
				GENERATE_INFOPLIST_FILE = YES;
				INFOPLIST_KEY_UIApplicationSceneManifest_Generation = YES;
				INFOPLIST_KEY_UIApplicationSupportsIndirectInputEvents = YES;
				INFOPLIST_KEY_UILaunchScreen_Generation = YES;
				INFOPLIST_KEY_UISupportedInterfaceOrientations_iPad = "UIInterfaceOrientationPortrait UIInterfaceOrientationPortraitUpsideDown UIInterfaceOrientationLandscapeLeft UIInterfaceOrientationLandscapeRight";
				INFOPLIST_KEY_UISupportedInterfaceOrientations_iPhone = "UIInterfaceOrientationPortrait UIInterfaceOrientationLandscapeLeft UIInterfaceOrientationLandscapeRight";
				LD_RUNPATH_SEARCH_PATHS = (
					"$(inherited)",
					"@executable_path/Frameworks",
				);
				MARKETING_VERSION = 1.0;
				PRODUCT_BUNDLE_IDENTIFIER = "-2121.WBMessenger";
				PRODUCT_NAME = "$(TARGET_NAME)";
				SWIFT_EMIT_LOC_STRINGS = YES;
				SWIFT_VERSION = 5.0;
				TARGETED_DEVICE_FAMILY = "1,2";
			};
			name = Debug;
		};
		E715835A2C0FA25C00EADFF7 /* Release */ = {
			isa = XCBuildConfiguration;
			buildSettings = {
				ASSETCATALOG_COMPILER_APPICON_NAME = AppIcon;
				ASSETCATALOG_COMPILER_GLOBAL_ACCENT_COLOR_NAME = AccentColor;
				CODE_SIGN_STYLE = Automatic;
				CURRENT_PROJECT_VERSION = 1;
				DEVELOPMENT_ASSET_PATHS = "\"WBMessenger/Preview Content\"";
				ENABLE_PREVIEWS = YES;
				GENERATE_INFOPLIST_FILE = YES;
				INFOPLIST_KEY_UIApplicationSceneManifest_Generation = YES;
				INFOPLIST_KEY_UIApplicationSupportsIndirectInputEvents = YES;
				INFOPLIST_KEY_UILaunchScreen_Generation = YES;
				INFOPLIST_KEY_UISupportedInterfaceOrientations_iPad = "UIInterfaceOrientationPortrait UIInterfaceOrientationPortraitUpsideDown UIInterfaceOrientationLandscapeLeft UIInterfaceOrientationLandscapeRight";
				INFOPLIST_KEY_UISupportedInterfaceOrientations_iPhone = "UIInterfaceOrientationPortrait UIInterfaceOrientationLandscapeLeft UIInterfaceOrientationLandscapeRight";
				LD_RUNPATH_SEARCH_PATHS = (
					"$(inherited)",
					"@executable_path/Frameworks",
				);
				MARKETING_VERSION = 1.0;
				PRODUCT_BUNDLE_IDENTIFIER = "-2121.WBMessenger";
				PRODUCT_NAME = "$(TARGET_NAME)";
				SWIFT_EMIT_LOC_STRINGS = YES;
				SWIFT_VERSION = 5.0;
				TARGETED_DEVICE_FAMILY = "1,2";
			};
			name = Release;
		};
/* End XCBuildConfiguration section */

/* Begin XCConfigurationList section */
		E71583452C0FA25B00EADFF7 /* Build configuration list for PBXProject "WBMessenger" */ = {
			isa = XCConfigurationList;
			buildConfigurations = (
				E71583562C0FA25C00EADFF7 /* Debug */,
				E71583572C0FA25C00EADFF7 /* Release */,
			);
			defaultConfigurationIsVisible = 0;
			defaultConfigurationName = Release;
		};
		E71583582C0FA25C00EADFF7 /* Build configuration list for PBXNativeTarget "WBMessenger" */ = {
			isa = XCConfigurationList;
			buildConfigurations = (
				E71583592C0FA25C00EADFF7 /* Debug */,
				E715835A2C0FA25C00EADFF7 /* Release */,
			);
			defaultConfigurationIsVisible = 0;
			defaultConfigurationName = Release;
		};
/* End XCConfigurationList section */
	};
	rootObject = E71583422C0FA25B00EADFF7 /* Project object */;
}
